// !$*UTF8*$!
{
	archiveVersion = 1;
	classes = {
	};
	objectVersion = 46;
	objects = {

/* Begin PBXBuildFile section */
		BB0EAB001F8E416200C48449 /* TestObjcMethodDefParser.swift in Sources */ = {isa = PBXBuildFile; fileRef = BB0EAAF91F8E416000C48449 /* TestObjcMethodDefParser.swift */; };
		BB0EAB011F8E416200C48449 /* TestSwiftMethodParser.swift in Sources */ = {isa = PBXBuildFile; fileRef = BB0EAAFA1F8E416100C48449 /* TestSwiftMethodParser.swift */; };
		BB0EAB021F8E416200C48449 /* TestSwiftClassParser.swift in Sources */ = {isa = PBXBuildFile; fileRef = BB0EAAFB1F8E416100C48449 /* TestSwiftClassParser.swift */; };
		BB0EAB031F8E416200C48449 /* TestSwiftProtocolParser.swift in Sources */ = {isa = PBXBuildFile; fileRef = BB0EAAFC1F8E416100C48449 /* TestSwiftProtocolParser.swift */; };
		BB0EAB041F8E416200C48449 /* TestSwiftInvokeParser.swift in Sources */ = {isa = PBXBuildFile; fileRef = BB0EAAFD1F8E416100C48449 /* TestSwiftInvokeParser.swift */; };
		BB0EAB051F8E416200C48449 /* TestInterfaceParser.swift in Sources */ = {isa = PBXBuildFile; fileRef = BB0EAAFE1F8E416100C48449 /* TestInterfaceParser.swift */; };
		BB0EAB061F8E416200C48449 /* TestMessageSend.swift in Sources */ = {isa = PBXBuildFile; fileRef = BB0EAAFF1F8E416200C48449 /* TestMessageSend.swift */; };
		BB0EAB071F8E417100C48449 /* ClassNode.swift in Sources */ = {isa = PBXBuildFile; fileRef = OBJ_10 /* ClassNode.swift */; };
		BB0EAB081F8E417400C48449 /* MethodInvokeNode.swift in Sources */ = {isa = PBXBuildFile; fileRef = OBJ_11 /* MethodInvokeNode.swift */; };
		BB0EAB091F8E417600C48449 /* MethodNode.swift in Sources */ = {isa = PBXBuildFile; fileRef = OBJ_12 /* MethodNode.swift */; };
		BB0EAB0A1F8E417800C48449 /* ProtocolNode.swift in Sources */ = {isa = PBXBuildFile; fileRef = OBJ_13 /* ProtocolNode.swift */; };
		BB0EAB0B1F8E417B00C48449 /* Extension.swift in Sources */ = {isa = PBXBuildFile; fileRef = OBJ_15 /* Extension.swift */; };
		BB0EAB0C1F8E417D00C48449 /* Lexer.swift in Sources */ = {isa = PBXBuildFile; fileRef = OBJ_16 /* Lexer.swift */; };
		BB0EAB0D1F8E419000C48449 /* ParserType.swift in Sources */ = {isa = PBXBuildFile; fileRef = OBJ_17 /* ParserType.swift */; };
		BB0EAB0E1F8E419000C48449 /* Token.swift in Sources */ = {isa = PBXBuildFile; fileRef = OBJ_18 /* Token.swift */; };
		BB0EAB0F1F8E419000C48449 /* CommandLine.swift in Sources */ = {isa = PBXBuildFile; fileRef = OBJ_20 /* CommandLine.swift */; };
		BB0EAB101F8E419000C48449 /* Option.swift in Sources */ = {isa = PBXBuildFile; fileRef = OBJ_21 /* Option.swift */; };
		BB0EAB111F8E419000C48449 /* StringExtensions.swift in Sources */ = {isa = PBXBuildFile; fileRef = OBJ_22 /* StringExtensions.swift */; };
		BB0EAB121F8E419000C48449 /* Drafter.swift in Sources */ = {isa = PBXBuildFile; fileRef = OBJ_23 /* Drafter.swift */; };
		BB0EAB131F8E419000C48449 /* DotGenerator.swift in Sources */ = {isa = PBXBuildFile; fileRef = OBJ_25 /* DotGenerator.swift */; };
		BB0EAB141F8E419000C48449 /* Executor.swift in Sources */ = {isa = PBXBuildFile; fileRef = OBJ_26 /* Executor.swift */; };
		BB0EAB151F8E419000C48449 /* InterfaceParser.swift in Sources */ = {isa = PBXBuildFile; fileRef = OBJ_29 /* InterfaceParser.swift */; };
		BB0EAB161F8E419000C48449 /* ObjcMessageSendParser.swift in Sources */ = {isa = PBXBuildFile; fileRef = OBJ_30 /* ObjcMessageSendParser.swift */; };
		BB0EAB171F8E419000C48449 /* ObjcMethodParser.swift in Sources */ = {isa = PBXBuildFile; fileRef = OBJ_31 /* ObjcMethodParser.swift */; };
		BB0EAB181F8E419000C48449 /* SwiftClassParser.swift in Sources */ = {isa = PBXBuildFile; fileRef = OBJ_33 /* SwiftClassParser.swift */; };
		BB0EAB191F8E419000C48449 /* SwiftInvokeParser.swift in Sources */ = {isa = PBXBuildFile; fileRef = OBJ_34 /* SwiftInvokeParser.swift */; };
		BB0EAB1A1F8E419000C48449 /* SwiftMethodParser.swift in Sources */ = {isa = PBXBuildFile; fileRef = OBJ_35 /* SwiftMethodParser.swift */; };
		BB0EAB1B1F8E419000C48449 /* SwiftProtocolParser.swift in Sources */ = {isa = PBXBuildFile; fileRef = OBJ_36 /* SwiftProtocolParser.swift */; };
		BB0EAB1C1F8E41AF00C48449 /* main.swift in Sources */ = {isa = PBXBuildFile; fileRef = OBJ_37 /* main.swift */; };
		BB38A63B1FA8B63E0022D28A /* Array+Alternative.swift in Sources */ = {isa = PBXBuildFile; fileRef = BB4FA2241FA879EF0082391D /* Array+Alternative.swift */; };
		BB38A63C1FA8B63F0022D28A /* Array+Alternative.swift in Sources */ = {isa = PBXBuildFile; fileRef = BB4FA2241FA879EF0082391D /* Array+Alternative.swift */; };
		BB38A63D1FA8B6410022D28A /* Array+Applicative.swift in Sources */ = {isa = PBXBuildFile; fileRef = BB4FA2251FA879EF0082391D /* Array+Applicative.swift */; };
		BB38A63E1FA8B6410022D28A /* Array+Applicative.swift in Sources */ = {isa = PBXBuildFile; fileRef = BB4FA2251FA879EF0082391D /* Array+Applicative.swift */; };
		BB38A63F1FA8B6440022D28A /* Array+Functor.swift in Sources */ = {isa = PBXBuildFile; fileRef = BB4FA2261FA879EF0082391D /* Array+Functor.swift */; };
		BB38A6401FA8B6440022D28A /* Array+Functor.swift in Sources */ = {isa = PBXBuildFile; fileRef = BB4FA2261FA879EF0082391D /* Array+Functor.swift */; };
		BB38A6411FA8B6460022D28A /* Array+Monad.swift in Sources */ = {isa = PBXBuildFile; fileRef = BB4FA2271FA879EF0082391D /* Array+Monad.swift */; };
		BB38A6421FA8B6470022D28A /* Array+Monad.swift in Sources */ = {isa = PBXBuildFile; fileRef = BB4FA2271FA879EF0082391D /* Array+Monad.swift */; };
		BB38A6431FA8B64B0022D28A /* Optional+Alternative.swift in Sources */ = {isa = PBXBuildFile; fileRef = BB4FA2291FA879EF0082391D /* Optional+Alternative.swift */; };
		BB38A6441FA8B64C0022D28A /* Optional+Alternative.swift in Sources */ = {isa = PBXBuildFile; fileRef = BB4FA2291FA879EF0082391D /* Optional+Alternative.swift */; };
		BB38A6451FA8B64E0022D28A /* Optional+Applicative.swift in Sources */ = {isa = PBXBuildFile; fileRef = BB4FA22A1FA879EF0082391D /* Optional+Applicative.swift */; };
		BB38A6461FA8B64E0022D28A /* Optional+Applicative.swift in Sources */ = {isa = PBXBuildFile; fileRef = BB4FA22A1FA879EF0082391D /* Optional+Applicative.swift */; };
		BB38A6471FA8B6520022D28A /* Optional+Functor.swift in Sources */ = {isa = PBXBuildFile; fileRef = BB4FA22B1FA879EF0082391D /* Optional+Functor.swift */; };
		BB38A6481FA8B6520022D28A /* Optional+Functor.swift in Sources */ = {isa = PBXBuildFile; fileRef = BB4FA22B1FA879EF0082391D /* Optional+Functor.swift */; };
		BB38A6491FA8B6550022D28A /* Optional+Monad.swift in Sources */ = {isa = PBXBuildFile; fileRef = BB4FA22C1FA879EF0082391D /* Optional+Monad.swift */; };
		BB38A64A1FA8B6550022D28A /* Optional+Monad.swift in Sources */ = {isa = PBXBuildFile; fileRef = BB4FA22C1FA879EF0082391D /* Optional+Monad.swift */; };
		BB38A64D1FA8B65A0022D28A /* Runes.swift in Sources */ = {isa = PBXBuildFile; fileRef = BB4FA22D1FA879EF0082391D /* Runes.swift */; };
		BB38A64E1FA8B65A0022D28A /* Runes.swift in Sources */ = {isa = PBXBuildFile; fileRef = BB4FA22D1FA879EF0082391D /* Runes.swift */; };
		BB38A6511FA8BB5A0022D28A /* Curry.swift in Sources */ = {isa = PBXBuildFile; fileRef = BB38A64F1FA8BB500022D28A /* Curry.swift */; };
		BB38A6521FA8BB5A0022D28A /* Curry.swift in Sources */ = {isa = PBXBuildFile; fileRef = BB38A64F1FA8BB500022D28A /* Curry.swift */; };
		BB38A6541FA8BBDA0022D28A /* Extensions.swift in Sources */ = {isa = PBXBuildFile; fileRef = BB38A6531FA8BBDA0022D28A /* Extensions.swift */; };
		BB38A6551FA8BBDA0022D28A /* Extensions.swift in Sources */ = {isa = PBXBuildFile; fileRef = BB38A6531FA8BBDA0022D28A /* Extensions.swift */; };
		BB38A65E1FA9BC060022D28A /* CombinatorTest.swift in Sources */ = {isa = PBXBuildFile; fileRef = BB38A65D1FA9BC060022D28A /* CombinatorTest.swift */; };
		BB4FA2401FA87C190082391D /* Functor.swift in Sources */ = {isa = PBXBuildFile; fileRef = BB4FA2381FA87AF70082391D /* Functor.swift */; };
		BB4FA2411FA87C1B0082391D /* Alternative.swift in Sources */ = {isa = PBXBuildFile; fileRef = BB4FA23E1FA87B0F0082391D /* Alternative.swift */; };
		BB4FA2421FA87C1D0082391D /* Applicative.swift in Sources */ = {isa = PBXBuildFile; fileRef = BB4FA23C1FA87B070082391D /* Applicative.swift */; };
		BB4FA2431FA87C200082391D /* Monad.swift in Sources */ = {isa = PBXBuildFile; fileRef = BB4FA23A1FA87B000082391D /* Monad.swift */; };
		BB4FA2441FA87C270082391D /* Alternative.swift in Sources */ = {isa = PBXBuildFile; fileRef = BB4FA23E1FA87B0F0082391D /* Alternative.swift */; };
		BB4FA2451FA87C290082391D /* Functor.swift in Sources */ = {isa = PBXBuildFile; fileRef = BB4FA2381FA87AF70082391D /* Functor.swift */; };
		BB4FA2461FA87C2C0082391D /* Applicative.swift in Sources */ = {isa = PBXBuildFile; fileRef = BB4FA23C1FA87B070082391D /* Applicative.swift */; };
		BB4FA2471FA87C2E0082391D /* Monad.swift in Sources */ = {isa = PBXBuildFile; fileRef = BB4FA23A1FA87B000082391D /* Monad.swift */; };
		BB4FA2481FA87C310082391D /* Parser.swift in Sources */ = {isa = PBXBuildFile; fileRef = BB4FA2201FA879B30082391D /* Parser.swift */; };
		BB4FA2491FA87C320082391D /* Parser.swift in Sources */ = {isa = PBXBuildFile; fileRef = BB4FA2201FA879B30082391D /* Parser.swift */; };
		BB6F710D1FAEADBC00FE815A /* InterfaceTest.swift in Sources */ = {isa = PBXBuildFile; fileRef = BB6F710C1FAEADBC00FE815A /* InterfaceTest.swift */; };
		BB6F71101FAEAEA200FE815A /* InterfaceGenParser.swift in Sources */ = {isa = PBXBuildFile; fileRef = BB6F710E1FAEAE9E00FE815A /* InterfaceGenParser.swift */; };
		BB6F71111FAEAEA200FE815A /* InterfaceGenParser.swift in Sources */ = {isa = PBXBuildFile; fileRef = BB6F710E1FAEAE9E00FE815A /* InterfaceGenParser.swift */; };
		BB6F71151FAEB92D00FE815A /* Operator.swift in Sources */ = {isa = PBXBuildFile; fileRef = BB6F71131FAEB92900FE815A /* Operator.swift */; };
		BB6F71161FAEB92D00FE815A /* Operator.swift in Sources */ = {isa = PBXBuildFile; fileRef = BB6F71131FAEB92900FE815A /* Operator.swift */; };
		BBA0C7401FAB489400DCBBB0 /* ParserResult.swift in Sources */ = {isa = PBXBuildFile; fileRef = BBA0C73C1FAB46C200DCBBB0 /* ParserResult.swift */; };
		BBA0C7411FAB489400DCBBB0 /* ParserResult.swift in Sources */ = {isa = PBXBuildFile; fileRef = BBA0C73C1FAB46C200DCBBB0 /* ParserResult.swift */; };
		BBA0C7421FAB489700DCBBB0 /* ParserError.swift in Sources */ = {isa = PBXBuildFile; fileRef = BBA0C73E1FAB46CC00DCBBB0 /* ParserError.swift */; };
		BBA0C7431FAB489700DCBBB0 /* ParserError.swift in Sources */ = {isa = PBXBuildFile; fileRef = BBA0C73E1FAB46CC00DCBBB0 /* ParserError.swift */; };
		OBJ_47 /* Package.swift in Sources */ = {isa = PBXBuildFile; fileRef = OBJ_6 /* Package.swift */; };
		OBJ_53 /* ClassNode.swift in Sources */ = {isa = PBXBuildFile; fileRef = OBJ_10 /* ClassNode.swift */; };
		OBJ_54 /* MethodInvokeNode.swift in Sources */ = {isa = PBXBuildFile; fileRef = OBJ_11 /* MethodInvokeNode.swift */; };
		OBJ_55 /* MethodNode.swift in Sources */ = {isa = PBXBuildFile; fileRef = OBJ_12 /* MethodNode.swift */; };
		OBJ_56 /* ProtocolNode.swift in Sources */ = {isa = PBXBuildFile; fileRef = OBJ_13 /* ProtocolNode.swift */; };
		OBJ_57 /* Extension.swift in Sources */ = {isa = PBXBuildFile; fileRef = OBJ_15 /* Extension.swift */; };
		OBJ_58 /* Lexer.swift in Sources */ = {isa = PBXBuildFile; fileRef = OBJ_16 /* Lexer.swift */; };
		OBJ_59 /* ParserType.swift in Sources */ = {isa = PBXBuildFile; fileRef = OBJ_17 /* ParserType.swift */; };
		OBJ_60 /* Token.swift in Sources */ = {isa = PBXBuildFile; fileRef = OBJ_18 /* Token.swift */; };
		OBJ_61 /* CommandLine.swift in Sources */ = {isa = PBXBuildFile; fileRef = OBJ_20 /* CommandLine.swift */; };
		OBJ_62 /* Option.swift in Sources */ = {isa = PBXBuildFile; fileRef = OBJ_21 /* Option.swift */; };
		OBJ_63 /* StringExtensions.swift in Sources */ = {isa = PBXBuildFile; fileRef = OBJ_22 /* StringExtensions.swift */; };
		OBJ_64 /* Drafter.swift in Sources */ = {isa = PBXBuildFile; fileRef = OBJ_23 /* Drafter.swift */; };
		OBJ_65 /* DotGenerator.swift in Sources */ = {isa = PBXBuildFile; fileRef = OBJ_25 /* DotGenerator.swift */; };
		OBJ_66 /* Executor.swift in Sources */ = {isa = PBXBuildFile; fileRef = OBJ_26 /* Executor.swift */; };
		OBJ_67 /* InterfaceParser.swift in Sources */ = {isa = PBXBuildFile; fileRef = OBJ_29 /* InterfaceParser.swift */; };
		OBJ_68 /* ObjcMessageSendParser.swift in Sources */ = {isa = PBXBuildFile; fileRef = OBJ_30 /* ObjcMessageSendParser.swift */; };
		OBJ_69 /* ObjcMethodParser.swift in Sources */ = {isa = PBXBuildFile; fileRef = OBJ_31 /* ObjcMethodParser.swift */; };
		OBJ_70 /* SwiftClassParser.swift in Sources */ = {isa = PBXBuildFile; fileRef = OBJ_33 /* SwiftClassParser.swift */; };
		OBJ_71 /* SwiftInvokeParser.swift in Sources */ = {isa = PBXBuildFile; fileRef = OBJ_34 /* SwiftInvokeParser.swift */; };
		OBJ_72 /* SwiftMethodParser.swift in Sources */ = {isa = PBXBuildFile; fileRef = OBJ_35 /* SwiftMethodParser.swift */; };
		OBJ_73 /* SwiftProtocolParser.swift in Sources */ = {isa = PBXBuildFile; fileRef = OBJ_36 /* SwiftProtocolParser.swift */; };
		OBJ_74 /* main.swift in Sources */ = {isa = PBXBuildFile; fileRef = OBJ_37 /* main.swift */; };
/* End PBXBuildFile section */

/* Begin PBXFileReference section */
		BB0EAAF11F8E411400C48449 /* DrafterTests.xctest */ = {isa = PBXFileReference; explicitFileType = wrapper.cfbundle; includeInIndex = 0; path = DrafterTests.xctest; sourceTree = BUILT_PRODUCTS_DIR; };
		BB0EAAF51F8E411400C48449 /* Info.plist */ = {isa = PBXFileReference; lastKnownFileType = text.plist.xml; path = Info.plist; sourceTree = "<group>"; };
		BB0EAAF91F8E416000C48449 /* TestObjcMethodDefParser.swift */ = {isa = PBXFileReference; fileEncoding = 4; lastKnownFileType = sourcecode.swift; path = TestObjcMethodDefParser.swift; sourceTree = "<group>"; };
		BB0EAAFA1F8E416100C48449 /* TestSwiftMethodParser.swift */ = {isa = PBXFileReference; fileEncoding = 4; lastKnownFileType = sourcecode.swift; path = TestSwiftMethodParser.swift; sourceTree = "<group>"; };
		BB0EAAFB1F8E416100C48449 /* TestSwiftClassParser.swift */ = {isa = PBXFileReference; fileEncoding = 4; lastKnownFileType = sourcecode.swift; path = TestSwiftClassParser.swift; sourceTree = "<group>"; };
		BB0EAAFC1F8E416100C48449 /* TestSwiftProtocolParser.swift */ = {isa = PBXFileReference; fileEncoding = 4; lastKnownFileType = sourcecode.swift; path = TestSwiftProtocolParser.swift; sourceTree = "<group>"; };
		BB0EAAFD1F8E416100C48449 /* TestSwiftInvokeParser.swift */ = {isa = PBXFileReference; fileEncoding = 4; lastKnownFileType = sourcecode.swift; path = TestSwiftInvokeParser.swift; sourceTree = "<group>"; };
		BB0EAAFE1F8E416100C48449 /* TestInterfaceParser.swift */ = {isa = PBXFileReference; fileEncoding = 4; lastKnownFileType = sourcecode.swift; path = TestInterfaceParser.swift; sourceTree = "<group>"; };
		BB0EAAFF1F8E416200C48449 /* TestMessageSend.swift */ = {isa = PBXFileReference; fileEncoding = 4; lastKnownFileType = sourcecode.swift; path = TestMessageSend.swift; sourceTree = "<group>"; };
		BB38A64F1FA8BB500022D28A /* Curry.swift */ = {isa = PBXFileReference; fileEncoding = 4; lastKnownFileType = sourcecode.swift; name = Curry.swift; path = Sources/Drafter/Runes/Curry.swift; sourceTree = SOURCE_ROOT; };
		BB38A6531FA8BBDA0022D28A /* Extensions.swift */ = {isa = PBXFileReference; lastKnownFileType = sourcecode.swift; path = Extensions.swift; sourceTree = "<group>"; };
		BB38A65D1FA9BC060022D28A /* CombinatorTest.swift */ = {isa = PBXFileReference; lastKnownFileType = sourcecode.swift; path = CombinatorTest.swift; sourceTree = "<group>"; };
		BB4FA2201FA879B30082391D /* Parser.swift */ = {isa = PBXFileReference; lastKnownFileType = sourcecode.swift; path = Parser.swift; sourceTree = "<group>"; };
		BB4FA2241FA879EF0082391D /* Array+Alternative.swift */ = {isa = PBXFileReference; fileEncoding = 4; lastKnownFileType = sourcecode.swift; path = "Array+Alternative.swift"; sourceTree = "<group>"; };
		BB4FA2251FA879EF0082391D /* Array+Applicative.swift */ = {isa = PBXFileReference; fileEncoding = 4; lastKnownFileType = sourcecode.swift; path = "Array+Applicative.swift"; sourceTree = "<group>"; };
		BB4FA2261FA879EF0082391D /* Array+Functor.swift */ = {isa = PBXFileReference; fileEncoding = 4; lastKnownFileType = sourcecode.swift; path = "Array+Functor.swift"; sourceTree = "<group>"; };
		BB4FA2271FA879EF0082391D /* Array+Monad.swift */ = {isa = PBXFileReference; fileEncoding = 4; lastKnownFileType = sourcecode.swift; path = "Array+Monad.swift"; sourceTree = "<group>"; };
		BB4FA2291FA879EF0082391D /* Optional+Alternative.swift */ = {isa = PBXFileReference; fileEncoding = 4; lastKnownFileType = sourcecode.swift; path = "Optional+Alternative.swift"; sourceTree = "<group>"; };
		BB4FA22A1FA879EF0082391D /* Optional+Applicative.swift */ = {isa = PBXFileReference; fileEncoding = 4; lastKnownFileType = sourcecode.swift; path = "Optional+Applicative.swift"; sourceTree = "<group>"; };
		BB4FA22B1FA879EF0082391D /* Optional+Functor.swift */ = {isa = PBXFileReference; fileEncoding = 4; lastKnownFileType = sourcecode.swift; path = "Optional+Functor.swift"; sourceTree = "<group>"; };
		BB4FA22C1FA879EF0082391D /* Optional+Monad.swift */ = {isa = PBXFileReference; fileEncoding = 4; lastKnownFileType = sourcecode.swift; path = "Optional+Monad.swift"; sourceTree = "<group>"; };
		BB4FA22D1FA879EF0082391D /* Runes.swift */ = {isa = PBXFileReference; fileEncoding = 4; lastKnownFileType = sourcecode.swift; path = Runes.swift; sourceTree = "<group>"; };
		BB4FA2381FA87AF70082391D /* Functor.swift */ = {isa = PBXFileReference; lastKnownFileType = sourcecode.swift; path = Functor.swift; sourceTree = "<group>"; };
		BB4FA23A1FA87B000082391D /* Monad.swift */ = {isa = PBXFileReference; lastKnownFileType = sourcecode.swift; path = Monad.swift; sourceTree = "<group>"; };
		BB4FA23C1FA87B070082391D /* Applicative.swift */ = {isa = PBXFileReference; lastKnownFileType = sourcecode.swift; path = Applicative.swift; sourceTree = "<group>"; };
		BB4FA23E1FA87B0F0082391D /* Alternative.swift */ = {isa = PBXFileReference; lastKnownFileType = sourcecode.swift; path = Alternative.swift; sourceTree = "<group>"; };
		BB6F710C1FAEADBC00FE815A /* InterfaceTest.swift */ = {isa = PBXFileReference; lastKnownFileType = sourcecode.swift; path = InterfaceTest.swift; sourceTree = "<group>"; };
		BB6F710E1FAEAE9E00FE815A /* InterfaceGenParser.swift */ = {isa = PBXFileReference; fileEncoding = 4; lastKnownFileType = sourcecode.swift; name = InterfaceGenParser.swift; path = Sources/Drafter/Parser/OC/Combinator/InterfaceGenParser.swift; sourceTree = SOURCE_ROOT; };
		BB6F71131FAEB92900FE815A /* Operator.swift */ = {isa = PBXFileReference; lastKnownFileType = sourcecode.swift; path = Operator.swift; sourceTree = "<group>"; };
		BBA0C73C1FAB46C200DCBBB0 /* ParserResult.swift */ = {isa = PBXFileReference; lastKnownFileType = sourcecode.swift; path = ParserResult.swift; sourceTree = "<group>"; };
		BBA0C73E1FAB46CC00DCBBB0 /* ParserError.swift */ = {isa = PBXFileReference; lastKnownFileType = sourcecode.swift; path = ParserError.swift; sourceTree = "<group>"; };
		OBJ_10 /* ClassNode.swift */ = {isa = PBXFileReference; lastKnownFileType = sourcecode.swift; path = ClassNode.swift; sourceTree = "<group>"; };
		OBJ_11 /* MethodInvokeNode.swift */ = {isa = PBXFileReference; lastKnownFileType = sourcecode.swift; path = MethodInvokeNode.swift; sourceTree = "<group>"; };
		OBJ_12 /* MethodNode.swift */ = {isa = PBXFileReference; lastKnownFileType = sourcecode.swift; path = MethodNode.swift; sourceTree = "<group>"; };
		OBJ_13 /* ProtocolNode.swift */ = {isa = PBXFileReference; lastKnownFileType = sourcecode.swift; path = ProtocolNode.swift; sourceTree = "<group>"; };
		OBJ_15 /* Extension.swift */ = {isa = PBXFileReference; lastKnownFileType = sourcecode.swift; path = Extension.swift; sourceTree = "<group>"; };
		OBJ_16 /* Lexer.swift */ = {isa = PBXFileReference; lastKnownFileType = sourcecode.swift; path = Lexer.swift; sourceTree = "<group>"; };
		OBJ_17 /* ParserType.swift */ = {isa = PBXFileReference; lastKnownFileType = sourcecode.swift; path = ParserType.swift; sourceTree = "<group>"; };
		OBJ_18 /* Token.swift */ = {isa = PBXFileReference; lastKnownFileType = sourcecode.swift; path = Token.swift; sourceTree = "<group>"; };
		OBJ_20 /* CommandLine.swift */ = {isa = PBXFileReference; lastKnownFileType = sourcecode.swift; path = CommandLine.swift; sourceTree = "<group>"; };
		OBJ_21 /* Option.swift */ = {isa = PBXFileReference; lastKnownFileType = sourcecode.swift; path = Option.swift; sourceTree = "<group>"; };
		OBJ_22 /* StringExtensions.swift */ = {isa = PBXFileReference; lastKnownFileType = sourcecode.swift; path = StringExtensions.swift; sourceTree = "<group>"; };
		OBJ_23 /* Drafter.swift */ = {isa = PBXFileReference; lastKnownFileType = sourcecode.swift; path = Drafter.swift; sourceTree = "<group>"; };
		OBJ_25 /* DotGenerator.swift */ = {isa = PBXFileReference; lastKnownFileType = sourcecode.swift; path = DotGenerator.swift; sourceTree = "<group>"; };
		OBJ_26 /* Executor.swift */ = {isa = PBXFileReference; lastKnownFileType = sourcecode.swift; path = Executor.swift; sourceTree = "<group>"; };
		OBJ_29 /* InterfaceParser.swift */ = {isa = PBXFileReference; lastKnownFileType = sourcecode.swift; path = InterfaceParser.swift; sourceTree = "<group>"; };
		OBJ_30 /* ObjcMessageSendParser.swift */ = {isa = PBXFileReference; lastKnownFileType = sourcecode.swift; path = ObjcMessageSendParser.swift; sourceTree = "<group>"; };
		OBJ_31 /* ObjcMethodParser.swift */ = {isa = PBXFileReference; lastKnownFileType = sourcecode.swift; path = ObjcMethodParser.swift; sourceTree = "<group>"; };
		OBJ_33 /* SwiftClassParser.swift */ = {isa = PBXFileReference; lastKnownFileType = sourcecode.swift; path = SwiftClassParser.swift; sourceTree = "<group>"; };
		OBJ_34 /* SwiftInvokeParser.swift */ = {isa = PBXFileReference; lastKnownFileType = sourcecode.swift; path = SwiftInvokeParser.swift; sourceTree = "<group>"; };
		OBJ_35 /* SwiftMethodParser.swift */ = {isa = PBXFileReference; lastKnownFileType = sourcecode.swift; path = SwiftMethodParser.swift; sourceTree = "<group>"; };
		OBJ_36 /* SwiftProtocolParser.swift */ = {isa = PBXFileReference; lastKnownFileType = sourcecode.swift; path = SwiftProtocolParser.swift; sourceTree = "<group>"; };
		OBJ_37 /* main.swift */ = {isa = PBXFileReference; lastKnownFileType = sourcecode.swift; path = main.swift; sourceTree = "<group>"; };
		OBJ_6 /* Package.swift */ = {isa = PBXFileReference; explicitFileType = sourcecode.swift; path = Package.swift; sourceTree = "<group>"; };
		"drafter::drafter::Product" /* drafter */ = {isa = PBXFileReference; lastKnownFileType = text; path = drafter; sourceTree = BUILT_PRODUCTS_DIR; };
/* End PBXFileReference section */

/* Begin PBXFrameworksBuildPhase section */
		BB0EAAEE1F8E411400C48449 /* Frameworks */ = {
			isa = PBXFrameworksBuildPhase;
			buildActionMask = 2147483647;
			files = (
			);
			runOnlyForDeploymentPostprocessing = 0;
		};
		OBJ_75 /* Frameworks */ = {
			isa = PBXFrameworksBuildPhase;
			buildActionMask = 0;
			files = (
			);
			runOnlyForDeploymentPostprocessing = 0;
		};
/* End PBXFrameworksBuildPhase section */

/* Begin PBXGroup section */
		BB0EAAF21F8E411400C48449 /* DrafterTests */ = {
			isa = PBXGroup;
			children = (
				BBD9E2321FAB41FA00E9FEE9 /* Combinator */,
				BB0EAAFE1F8E416100C48449 /* TestInterfaceParser.swift */,
				BB0EAAF91F8E416000C48449 /* TestObjcMethodDefParser.swift */,
				BB0EAAFF1F8E416200C48449 /* TestMessageSend.swift */,
				BB0EAAFC1F8E416100C48449 /* TestSwiftProtocolParser.swift */,
				BB0EAAFB1F8E416100C48449 /* TestSwiftClassParser.swift */,
				BB0EAAFA1F8E416100C48449 /* TestSwiftMethodParser.swift */,
				BB0EAAFD1F8E416100C48449 /* TestSwiftInvokeParser.swift */,
				BB0EAAF51F8E411400C48449 /* Info.plist */,
			);
			path = DrafterTests;
			sourceTree = "<group>";
		};
		BB38A6591FA8BE670022D28A /* Combinator */ = {
			isa = PBXGroup;
			children = (
				BB6F710E1FAEAE9E00FE815A /* InterfaceGenParser.swift */,
			);
			path = Combinator;
			sourceTree = "<group>";
		};
		BB4FA21F1FA879A00082391D /* Core */ = {
			isa = PBXGroup;
			children = (
				BB4FA2371FA87AF00082391D /* Combinator */,
				BB6F71121FAEB91900FE815A /* Operator */,
				BB4FA2201FA879B30082391D /* Parser.swift */,
				BBA0C73C1FAB46C200DCBBB0 /* ParserResult.swift */,
				BBA0C73E1FAB46CC00DCBBB0 /* ParserError.swift */,
			);
			name = Core;
			path = Sources/Drafter/Parser/Core;
			sourceTree = SOURCE_ROOT;
		};
		BB4FA2221FA879EF0082391D /* Runes */ = {
			isa = PBXGroup;
			children = (
				BB4FA2231FA879EF0082391D /* Array */,
				BB4FA2281FA879EF0082391D /* Optional */,
				BB4FA22D1FA879EF0082391D /* Runes.swift */,
				BB38A64F1FA8BB500022D28A /* Curry.swift */,
			);
			name = Runes;
			path = Sources/drafter/Runes;
			sourceTree = SOURCE_ROOT;
		};
		BB4FA2231FA879EF0082391D /* Array */ = {
			isa = PBXGroup;
			children = (
				BB4FA2241FA879EF0082391D /* Array+Alternative.swift */,
				BB4FA2251FA879EF0082391D /* Array+Applicative.swift */,
				BB4FA2261FA879EF0082391D /* Array+Functor.swift */,
				BB4FA2271FA879EF0082391D /* Array+Monad.swift */,
			);
			path = Array;
			sourceTree = "<group>";
		};
		BB4FA2281FA879EF0082391D /* Optional */ = {
			isa = PBXGroup;
			children = (
				BB4FA2291FA879EF0082391D /* Optional+Alternative.swift */,
				BB4FA22A1FA879EF0082391D /* Optional+Applicative.swift */,
				BB4FA22B1FA879EF0082391D /* Optional+Functor.swift */,
				BB4FA22C1FA879EF0082391D /* Optional+Monad.swift */,
			);
			path = Optional;
			sourceTree = "<group>";
		};
		BB4FA2371FA87AF00082391D /* Combinator */ = {
			isa = PBXGroup;
			children = (
				BB4FA2381FA87AF70082391D /* Functor.swift */,
				BB4FA23E1FA87B0F0082391D /* Alternative.swift */,
				BB4FA23C1FA87B070082391D /* Applicative.swift */,
				BB4FA23A1FA87B000082391D /* Monad.swift */,
				BB38A6531FA8BBDA0022D28A /* Extensions.swift */,
			);
			path = Combinator;
			sourceTree = "<group>";
		};
		BB6F71121FAEB91900FE815A /* Operator */ = {
			isa = PBXGroup;
			children = (
				BB6F71131FAEB92900FE815A /* Operator.swift */,
			);
			path = Operator;
			sourceTree = "<group>";
		};
		BBD9E2321FAB41FA00E9FEE9 /* Combinator */ = {
			isa = PBXGroup;
			children = (
				BB38A65D1FA9BC060022D28A /* CombinatorTest.swift */,
				BB6F710C1FAEADBC00FE815A /* InterfaceTest.swift */,
			);
			path = Combinator;
			sourceTree = "<group>";
		};
		OBJ_14 /* Base */ = {
			isa = PBXGroup;
			children = (
				OBJ_18 /* Token.swift */,
				OBJ_16 /* Lexer.swift */,
				OBJ_17 /* ParserType.swift */,
				OBJ_15 /* Extension.swift */,
			);
			path = Base;
			sourceTree = "<group>";
		};
		OBJ_19 /* CommandLineKit */ = {
			isa = PBXGroup;
			children = (
				OBJ_20 /* CommandLine.swift */,
				OBJ_21 /* Option.swift */,
				OBJ_22 /* StringExtensions.swift */,
			);
			path = CommandLineKit;
			sourceTree = "<group>";
		};
		OBJ_24 /* Generator */ = {
			isa = PBXGroup;
			children = (
				OBJ_25 /* DotGenerator.swift */,
				OBJ_26 /* Executor.swift */,
			);
			path = Generator;
			sourceTree = "<group>";
		};
		OBJ_27 /* Parser */ = {
			isa = PBXGroup;
			children = (
				BB4FA21F1FA879A00082391D /* Core */,
				OBJ_28 /* OC */,
				OBJ_32 /* Swift */,
			);
			path = Parser;
			sourceTree = "<group>";
		};
		OBJ_28 /* OC */ = {
			isa = PBXGroup;
			children = (
				OBJ_29 /* InterfaceParser.swift */,
				OBJ_31 /* ObjcMethodParser.swift */,
				OBJ_30 /* ObjcMessageSendParser.swift */,
				BB38A6591FA8BE670022D28A /* Combinator */,
			);
			path = OC;
			sourceTree = "<group>";
		};
		OBJ_32 /* Swift */ = {
			isa = PBXGroup;
			children = (
				OBJ_36 /* SwiftProtocolParser.swift */,
				OBJ_33 /* SwiftClassParser.swift */,
				OBJ_35 /* SwiftMethodParser.swift */,
				OBJ_34 /* SwiftInvokeParser.swift */,
			);
			path = Swift;
			sourceTree = "<group>";
		};
		OBJ_38 /* Tests */ = {
			isa = PBXGroup;
			children = (
			);
			name = Tests;
			sourceTree = SOURCE_ROOT;
		};
		OBJ_40 /* Products */ = {
			isa = PBXGroup;
			children = (
				"drafter::drafter::Product" /* drafter */,
				BB0EAAF11F8E411400C48449 /* DrafterTests.xctest */,
			);
			name = Products;
			sourceTree = BUILT_PRODUCTS_DIR;
		};
		OBJ_5 = {
			isa = PBXGroup;
			children = (
				OBJ_6 /* Package.swift */,
				OBJ_7 /* Sources */,
				OBJ_38 /* Tests */,
				BB0EAAF21F8E411400C48449 /* DrafterTests */,
				OBJ_40 /* Products */,
			);
			sourceTree = "<group>";
		};
		OBJ_7 /* Sources */ = {
			isa = PBXGroup;
			children = (
				OBJ_8 /* drafter */,
			);
			name = Sources;
			sourceTree = SOURCE_ROOT;
		};
		OBJ_8 /* drafter */ = {
			isa = PBXGroup;
			children = (
				OBJ_37 /* main.swift */,
				OBJ_23 /* Drafter.swift */,
				OBJ_14 /* Base */,
				OBJ_9 /* AST */,
				OBJ_27 /* Parser */,
				OBJ_24 /* Generator */,
				OBJ_19 /* CommandLineKit */,
				BB4FA2221FA879EF0082391D /* Runes */,
			);
			name = drafter;
			path = Sources/drafter;
			sourceTree = SOURCE_ROOT;
		};
		OBJ_9 /* AST */ = {
			isa = PBXGroup;
			children = (
				OBJ_10 /* ClassNode.swift */,
				OBJ_13 /* ProtocolNode.swift */,
				OBJ_12 /* MethodNode.swift */,
				OBJ_11 /* MethodInvokeNode.swift */,
			);
			path = AST;
			sourceTree = "<group>";
		};
/* End PBXGroup section */

/* Begin PBXNativeTarget section */
		BB0EAAF01F8E411400C48449 /* DrafterTests */ = {
			isa = PBXNativeTarget;
			buildConfigurationList = BB0EAAF61F8E411400C48449 /* Build configuration list for PBXNativeTarget "DrafterTests" */;
			buildPhases = (
				BB0EAAED1F8E411400C48449 /* Sources */,
				BB0EAAEE1F8E411400C48449 /* Frameworks */,
				BB0EAAEF1F8E411400C48449 /* Resources */,
			);
			buildRules = (
			);
			dependencies = (
			);
			name = DrafterTests;
			productName = DrafterTests;
			productReference = BB0EAAF11F8E411400C48449 /* DrafterTests.xctest */;
			productType = "com.apple.product-type.bundle.unit-test";
		};
		"drafter::SwiftPMPackageDescription" /* drafterPackageDescription */ = {
			isa = PBXNativeTarget;
			buildConfigurationList = OBJ_43 /* Build configuration list for PBXNativeTarget "drafterPackageDescription" */;
			buildPhases = (
				OBJ_46 /* Sources */,
			);
			buildRules = (
			);
			dependencies = (
			);
			name = drafterPackageDescription;
			productName = drafterPackageDescription;
			productType = "com.apple.product-type.framework";
		};
		"drafter::drafter" /* drafter */ = {
			isa = PBXNativeTarget;
			buildConfigurationList = OBJ_49 /* Build configuration list for PBXNativeTarget "drafter" */;
			buildPhases = (
				OBJ_52 /* Sources */,
				OBJ_75 /* Frameworks */,
			);
			buildRules = (
			);
			dependencies = (
			);
			name = drafter;
			productName = drafter;
			productReference = "drafter::drafter::Product" /* drafter */;
			productType = "com.apple.product-type.tool";
		};
/* End PBXNativeTarget section */

/* Begin PBXProject section */
		OBJ_1 /* Project object */ = {
			isa = PBXProject;
			attributes = {
				LastSwiftUpdateCheck = 0900;
				LastUpgradeCheck = 9999;
				TargetAttributes = {
					BB0EAAF01F8E411400C48449 = {
						CreatedOnToolsVersion = 9.0;
						DevelopmentTeam = D729JSY3NU;
						LastSwiftMigration = 0900;
						ProvisioningStyle = Automatic;
					};
				};
			};
			buildConfigurationList = OBJ_2 /* Build configuration list for PBXProject "Drafter" */;
			compatibilityVersion = "Xcode 3.2";
			developmentRegion = English;
			hasScannedForEncodings = 0;
			knownRegions = (
				en,
			);
			mainGroup = OBJ_5;
			productRefGroup = OBJ_40 /* Products */;
			projectDirPath = "";
			projectRoot = "";
			targets = (
				"drafter::SwiftPMPackageDescription" /* drafterPackageDescription */,
				"drafter::drafter" /* drafter */,
				BB0EAAF01F8E411400C48449 /* DrafterTests */,
			);
		};
/* End PBXProject section */

/* Begin PBXResourcesBuildPhase section */
		BB0EAAEF1F8E411400C48449 /* Resources */ = {
			isa = PBXResourcesBuildPhase;
			buildActionMask = 2147483647;
			files = (
			);
			runOnlyForDeploymentPostprocessing = 0;
		};
/* End PBXResourcesBuildPhase section */

/* Begin PBXSourcesBuildPhase section */
		BB0EAAED1F8E411400C48449 /* Sources */ = {
			isa = PBXSourcesBuildPhase;
			buildActionMask = 2147483647;
			files = (
				BB0EAB1C1F8E41AF00C48449 /* main.swift in Sources */,
				BB0EAB0D1F8E419000C48449 /* ParserType.swift in Sources */,
				BB0EAB0E1F8E419000C48449 /* Token.swift in Sources */,
				BB0EAB0F1F8E419000C48449 /* CommandLine.swift in Sources */,
				BB38A6401FA8B6440022D28A /* Array+Functor.swift in Sources */,
				BB0EAB101F8E419000C48449 /* Option.swift in Sources */,
				BB0EAB111F8E419000C48449 /* StringExtensions.swift in Sources */,
				BB38A64A1FA8B6550022D28A /* Optional+Monad.swift in Sources */,
				BBA0C7411FAB489400DCBBB0 /* ParserResult.swift in Sources */,
				BBA0C7431FAB489700DCBBB0 /* ParserError.swift in Sources */,
				BB0EAB121F8E419000C48449 /* Drafter.swift in Sources */,
				BB0EAB131F8E419000C48449 /* DotGenerator.swift in Sources */,
				BB38A6551FA8BBDA0022D28A /* Extensions.swift in Sources */,
				BB38A6441FA8B64C0022D28A /* Optional+Alternative.swift in Sources */,
				BB38A6521FA8BB5A0022D28A /* Curry.swift in Sources */,
				BB0EAB141F8E419000C48449 /* Executor.swift in Sources */,
				BB0EAB151F8E419000C48449 /* InterfaceParser.swift in Sources */,
				BB0EAB161F8E419000C48449 /* ObjcMessageSendParser.swift in Sources */,
				BB0EAB171F8E419000C48449 /* ObjcMethodParser.swift in Sources */,
				BB0EAB181F8E419000C48449 /* SwiftClassParser.swift in Sources */,
				BB4FA2451FA87C290082391D /* Functor.swift in Sources */,
				BB38A63C1FA8B63F0022D28A /* Array+Alternative.swift in Sources */,
				BB4FA2441FA87C270082391D /* Alternative.swift in Sources */,
				BB38A6481FA8B6520022D28A /* Optional+Functor.swift in Sources */,
				BB0EAB191F8E419000C48449 /* SwiftInvokeParser.swift in Sources */,
				BB4FA2471FA87C2E0082391D /* Monad.swift in Sources */,
				BB0EAB1A1F8E419000C48449 /* SwiftMethodParser.swift in Sources */,
				BB0EAB1B1F8E419000C48449 /* SwiftProtocolParser.swift in Sources */,
				BB38A64E1FA8B65A0022D28A /* Runes.swift in Sources */,
				BB38A65E1FA9BC060022D28A /* CombinatorTest.swift in Sources */,
				BB0EAB0A1F8E417800C48449 /* ProtocolNode.swift in Sources */,
				BB0EAB031F8E416200C48449 /* TestSwiftProtocolParser.swift in Sources */,
				BB38A6461FA8B64E0022D28A /* Optional+Applicative.swift in Sources */,
				BB0EAB001F8E416200C48449 /* TestObjcMethodDefParser.swift in Sources */,
				BB4FA2491FA87C320082391D /* Parser.swift in Sources */,
				BB0EAB0B1F8E417B00C48449 /* Extension.swift in Sources */,
				BB0EAB011F8E416200C48449 /* TestSwiftMethodParser.swift in Sources */,
				BB38A6421FA8B6470022D28A /* Array+Monad.swift in Sources */,
				BB0EAB041F8E416200C48449 /* TestSwiftInvokeParser.swift in Sources */,
				BB0EAB061F8E416200C48449 /* TestMessageSend.swift in Sources */,
				BB0EAB0C1F8E417D00C48449 /* Lexer.swift in Sources */,
				BB0EAB051F8E416200C48449 /* TestInterfaceParser.swift in Sources */,
				BB0EAB091F8E417600C48449 /* MethodNode.swift in Sources */,
				BB0EAB071F8E417100C48449 /* ClassNode.swift in Sources */,
				BB0EAB021F8E416200C48449 /* TestSwiftClassParser.swift in Sources */,
				BB4FA2461FA87C2C0082391D /* Applicative.swift in Sources */,
				BB6F71161FAEB92D00FE815A /* Operator.swift in Sources */,
				BB38A63E1FA8B6410022D28A /* Array+Applicative.swift in Sources */,
				BB0EAB081F8E417400C48449 /* MethodInvokeNode.swift in Sources */,
				BB6F710D1FAEADBC00FE815A /* InterfaceTest.swift in Sources */,
				BB6F71111FAEAEA200FE815A /* InterfaceGenParser.swift in Sources */,
			);
			runOnlyForDeploymentPostprocessing = 0;
		};
		OBJ_46 /* Sources */ = {
			isa = PBXSourcesBuildPhase;
			buildActionMask = 0;
			files = (
				OBJ_47 /* Package.swift in Sources */,
			);
			runOnlyForDeploymentPostprocessing = 0;
		};
		OBJ_52 /* Sources */ = {
			isa = PBXSourcesBuildPhase;
			buildActionMask = 0;
			files = (
				OBJ_53 /* ClassNode.swift in Sources */,
				BB38A6411FA8B6460022D28A /* Array+Monad.swift in Sources */,
				OBJ_54 /* MethodInvokeNode.swift in Sources */,
				OBJ_55 /* MethodNode.swift in Sources */,
				BB6F71101FAEAEA200FE815A /* InterfaceGenParser.swift in Sources */,
				OBJ_56 /* ProtocolNode.swift in Sources */,
				BB38A6431FA8B64B0022D28A /* Optional+Alternative.swift in Sources */,
				OBJ_57 /* Extension.swift in Sources */,
				BB38A6541FA8BBDA0022D28A /* Extensions.swift in Sources */,
				BB38A6491FA8B6550022D28A /* Optional+Monad.swift in Sources */,
				OBJ_58 /* Lexer.swift in Sources */,
				BB4FA2481FA87C310082391D /* Parser.swift in Sources */,
				BB38A63D1FA8B6410022D28A /* Array+Applicative.swift in Sources */,
				BB38A63B1FA8B63E0022D28A /* Array+Alternative.swift in Sources */,
				OBJ_59 /* ParserType.swift in Sources */,
				OBJ_60 /* Token.swift in Sources */,
				BB38A63F1FA8B6440022D28A /* Array+Functor.swift in Sources */,
				BB38A64D1FA8B65A0022D28A /* Runes.swift in Sources */,
				BBA0C7421FAB489700DCBBB0 /* ParserError.swift in Sources */,
				BB38A6451FA8B64E0022D28A /* Optional+Applicative.swift in Sources */,
				OBJ_61 /* CommandLine.swift in Sources */,
				OBJ_62 /* Option.swift in Sources */,
				BB38A6471FA8B6520022D28A /* Optional+Functor.swift in Sources */,
				BB4FA2401FA87C190082391D /* Functor.swift in Sources */,
				OBJ_63 /* StringExtensions.swift in Sources */,
				BB6F71151FAEB92D00FE815A /* Operator.swift in Sources */,
				OBJ_64 /* Drafter.swift in Sources */,
				OBJ_65 /* DotGenerator.swift in Sources */,
				BB4FA2421FA87C1D0082391D /* Applicative.swift in Sources */,
				OBJ_66 /* Executor.swift in Sources */,
				OBJ_67 /* InterfaceParser.swift in Sources */,
				OBJ_68 /* ObjcMessageSendParser.swift in Sources */,
				OBJ_69 /* ObjcMethodParser.swift in Sources */,
				OBJ_70 /* SwiftClassParser.swift in Sources */,
				BB4FA2411FA87C1B0082391D /* Alternative.swift in Sources */,
				BBA0C7401FAB489400DCBBB0 /* ParserResult.swift in Sources */,
				OBJ_71 /* SwiftInvokeParser.swift in Sources */,
				OBJ_72 /* SwiftMethodParser.swift in Sources */,
				BB4FA2431FA87C200082391D /* Monad.swift in Sources */,
				OBJ_73 /* SwiftProtocolParser.swift in Sources */,
				OBJ_74 /* main.swift in Sources */,
				BB38A6511FA8BB5A0022D28A /* Curry.swift in Sources */,
			);
			runOnlyForDeploymentPostprocessing = 0;
		};
/* End PBXSourcesBuildPhase section */

/* Begin XCBuildConfiguration section */
		BB0EAAF71F8E411400C48449 /* Debug */ = {
			isa = XCBuildConfiguration;
			buildSettings = {
				ALWAYS_SEARCH_USER_PATHS = NO;
				CLANG_ANALYZER_NONNULL = YES;
				CLANG_ANALYZER_NUMBER_OBJECT_CONVERSION = YES_AGGRESSIVE;
				CLANG_CXX_LANGUAGE_STANDARD = "gnu++14";
				CLANG_CXX_LIBRARY = "libc++";
				CLANG_ENABLE_MODULES = YES;
				CLANG_WARN_BLOCK_CAPTURE_AUTORELEASING = YES;
				CLANG_WARN_BOOL_CONVERSION = YES;
				CLANG_WARN_COMMA = YES;
				CLANG_WARN_CONSTANT_CONVERSION = YES;
				CLANG_WARN_DIRECT_OBJC_ISA_USAGE = YES_ERROR;
				CLANG_WARN_DOCUMENTATION_COMMENTS = YES;
				CLANG_WARN_EMPTY_BODY = YES;
				CLANG_WARN_ENUM_CONVERSION = YES;
				CLANG_WARN_INFINITE_RECURSION = YES;
				CLANG_WARN_INT_CONVERSION = YES;
				CLANG_WARN_NON_LITERAL_NULL_CONVERSION = YES;
				CLANG_WARN_OBJC_LITERAL_CONVERSION = YES;
				CLANG_WARN_OBJC_ROOT_CLASS = YES_ERROR;
				CLANG_WARN_RANGE_LOOP_ANALYSIS = YES;
				CLANG_WARN_STRICT_PROTOTYPES = YES;
				CLANG_WARN_SUSPICIOUS_MOVE = YES;
				CLANG_WARN_UNGUARDED_AVAILABILITY = YES_AGGRESSIVE;
				CLANG_WARN_UNREACHABLE_CODE = YES;
				CLANG_WARN__DUPLICATE_METHOD_MATCH = YES;
				CODE_SIGN_IDENTITY = "Mac Developer";
				CODE_SIGN_STYLE = Automatic;
				COMBINE_HIDPI_IMAGES = YES;
				DEVELOPMENT_TEAM = D729JSY3NU;
				ENABLE_STRICT_OBJC_MSGSEND = YES;
				ENABLE_TESTABILITY = YES;
				GCC_C_LANGUAGE_STANDARD = gnu11;
				GCC_DYNAMIC_NO_PIC = NO;
				GCC_NO_COMMON_BLOCKS = YES;
				GCC_PREPROCESSOR_DEFINITIONS = (
					"DEBUG=1",
					"$(inherited)",
				);
				GCC_WARN_64_TO_32_BIT_CONVERSION = YES;
				GCC_WARN_ABOUT_RETURN_TYPE = YES_ERROR;
				GCC_WARN_UNDECLARED_SELECTOR = YES;
				GCC_WARN_UNINITIALIZED_AUTOS = YES_AGGRESSIVE;
				GCC_WARN_UNUSED_FUNCTION = YES;
				GCC_WARN_UNUSED_VARIABLE = YES;
				INFOPLIST_FILE = DrafterTests/Info.plist;
				LD_RUNPATH_SEARCH_PATHS = "$(inherited) @executable_path/../Frameworks @loader_path/../Frameworks";
				MACOSX_DEPLOYMENT_TARGET = 10.12;
				MTL_ENABLE_DEBUG_INFO = YES;
				PRODUCT_BUNDLE_IDENTIFIER = LZephyr.DrafterTests;
				PRODUCT_NAME = "$(TARGET_NAME)";
				SWIFT_ACTIVE_COMPILATION_CONDITIONS = DEBUG;
				SWIFT_OPTIMIZATION_LEVEL = "-Onone";
				SWIFT_VERSION = 4.0;
			};
			name = Debug;
		};
		BB0EAAF81F8E411400C48449 /* Release */ = {
			isa = XCBuildConfiguration;
			buildSettings = {
				ALWAYS_SEARCH_USER_PATHS = NO;
				CLANG_ANALYZER_NONNULL = YES;
				CLANG_ANALYZER_NUMBER_OBJECT_CONVERSION = YES_AGGRESSIVE;
				CLANG_CXX_LANGUAGE_STANDARD = "gnu++14";
				CLANG_CXX_LIBRARY = "libc++";
				CLANG_ENABLE_MODULES = YES;
				CLANG_WARN_BLOCK_CAPTURE_AUTORELEASING = YES;
				CLANG_WARN_BOOL_CONVERSION = YES;
				CLANG_WARN_COMMA = YES;
				CLANG_WARN_CONSTANT_CONVERSION = YES;
				CLANG_WARN_DIRECT_OBJC_ISA_USAGE = YES_ERROR;
				CLANG_WARN_DOCUMENTATION_COMMENTS = YES;
				CLANG_WARN_EMPTY_BODY = YES;
				CLANG_WARN_ENUM_CONVERSION = YES;
				CLANG_WARN_INFINITE_RECURSION = YES;
				CLANG_WARN_INT_CONVERSION = YES;
				CLANG_WARN_NON_LITERAL_NULL_CONVERSION = YES;
				CLANG_WARN_OBJC_LITERAL_CONVERSION = YES;
				CLANG_WARN_OBJC_ROOT_CLASS = YES_ERROR;
				CLANG_WARN_RANGE_LOOP_ANALYSIS = YES;
				CLANG_WARN_STRICT_PROTOTYPES = YES;
				CLANG_WARN_SUSPICIOUS_MOVE = YES;
				CLANG_WARN_UNGUARDED_AVAILABILITY = YES_AGGRESSIVE;
				CLANG_WARN_UNREACHABLE_CODE = YES;
				CLANG_WARN__DUPLICATE_METHOD_MATCH = YES;
				CODE_SIGN_IDENTITY = "Mac Developer";
				CODE_SIGN_STYLE = Automatic;
				COMBINE_HIDPI_IMAGES = YES;
				COPY_PHASE_STRIP = NO;
				DEVELOPMENT_TEAM = D729JSY3NU;
				ENABLE_NS_ASSERTIONS = NO;
				ENABLE_STRICT_OBJC_MSGSEND = YES;
				GCC_C_LANGUAGE_STANDARD = gnu11;
				GCC_NO_COMMON_BLOCKS = YES;
				GCC_WARN_64_TO_32_BIT_CONVERSION = YES;
				GCC_WARN_ABOUT_RETURN_TYPE = YES_ERROR;
				GCC_WARN_UNDECLARED_SELECTOR = YES;
				GCC_WARN_UNINITIALIZED_AUTOS = YES_AGGRESSIVE;
				GCC_WARN_UNUSED_FUNCTION = YES;
				GCC_WARN_UNUSED_VARIABLE = YES;
				INFOPLIST_FILE = DrafterTests/Info.plist;
				LD_RUNPATH_SEARCH_PATHS = "$(inherited) @executable_path/../Frameworks @loader_path/../Frameworks";
				MACOSX_DEPLOYMENT_TARGET = 10.12;
				MTL_ENABLE_DEBUG_INFO = NO;
				PRODUCT_BUNDLE_IDENTIFIER = LZephyr.DrafterTests;
				PRODUCT_NAME = "$(TARGET_NAME)";
				SWIFT_VERSION = 4.0;
			};
			name = Release;
		};
		OBJ_3 /* Debug */ = {
			isa = XCBuildConfiguration;
			buildSettings = {
				CLANG_ENABLE_OBJC_ARC = YES;
				COMBINE_HIDPI_IMAGES = YES;
				COPY_PHASE_STRIP = NO;
				DEBUG_INFORMATION_FORMAT = dwarf;
				DYLIB_INSTALL_NAME_BASE = "@rpath";
				ENABLE_NS_ASSERTIONS = YES;
				GCC_OPTIMIZATION_LEVEL = 0;
				MACOSX_DEPLOYMENT_TARGET = 10.10;
				ONLY_ACTIVE_ARCH = YES;
				OTHER_SWIFT_FLAGS = "-DXcode";
				PRODUCT_NAME = "$(TARGET_NAME)";
				SDKROOT = macosx;
				SUPPORTED_PLATFORMS = "macosx iphoneos iphonesimulator appletvos appletvsimulator watchos watchsimulator";
				SWIFT_ACTIVE_COMPILATION_CONDITIONS = SWIFT_PACKAGE;
				SWIFT_OPTIMIZATION_LEVEL = "-Onone";
				USE_HEADERMAP = NO;
			};
			name = Debug;
		};
		OBJ_4 /* Release */ = {
			isa = XCBuildConfiguration;
			buildSettings = {
				CLANG_ENABLE_OBJC_ARC = YES;
				COMBINE_HIDPI_IMAGES = YES;
				COPY_PHASE_STRIP = YES;
				DEBUG_INFORMATION_FORMAT = "dwarf-with-dsym";
				DYLIB_INSTALL_NAME_BASE = "@rpath";
				GCC_OPTIMIZATION_LEVEL = s;
				MACOSX_DEPLOYMENT_TARGET = 10.10;
				OTHER_SWIFT_FLAGS = "-DXcode";
				PRODUCT_NAME = "$(TARGET_NAME)";
				SDKROOT = macosx;
				SUPPORTED_PLATFORMS = "macosx iphoneos iphonesimulator appletvos appletvsimulator watchos watchsimulator";
				SWIFT_ACTIVE_COMPILATION_CONDITIONS = SWIFT_PACKAGE;
				SWIFT_OPTIMIZATION_LEVEL = "-Owholemodule";
				USE_HEADERMAP = NO;
			};
			name = Release;
		};
		OBJ_44 /* Debug */ = {
			isa = XCBuildConfiguration;
			buildSettings = {
				LD = /usr/bin/true;
				OTHER_SWIFT_FLAGS = "-swift-version 4 -I /Applications/Xcode.app/Contents/Developer/Toolchains/XcodeDefault.xctoolchain/usr/lib/swift/pm/4 -target x86_64-apple-macosx10.10 -sdk /Applications/Xcode.app/Contents/Developer/Platforms/MacOSX.platform/Developer/SDKs/MacOSX10.13.sdk";
				SWIFT_VERSION = 4.0;
			};
			name = Debug;
		};
		OBJ_45 /* Release */ = {
			isa = XCBuildConfiguration;
			buildSettings = {
				LD = /usr/bin/true;
				OTHER_SWIFT_FLAGS = "-swift-version 4 -I /Applications/Xcode.app/Contents/Developer/Toolchains/XcodeDefault.xctoolchain/usr/lib/swift/pm/4 -target x86_64-apple-macosx10.10 -sdk /Applications/Xcode.app/Contents/Developer/Platforms/MacOSX.platform/Developer/SDKs/MacOSX10.13.sdk";
				SWIFT_VERSION = 4.0;
			};
			name = Release;
		};
		OBJ_50 /* Debug */ = {
			isa = XCBuildConfiguration;
			buildSettings = {
				FRAMEWORK_SEARCH_PATHS = (
					"$(inherited)",
					"$(PLATFORM_DIR)/Developer/Library/Frameworks",
				);
				HEADER_SEARCH_PATHS = "$(inherited)";
				INFOPLIST_FILE = drafter.xcodeproj/drafter_Info.plist;
				LD_RUNPATH_SEARCH_PATHS = "$(TOOLCHAIN_DIR)/usr/lib/swift/macosx @executable_path";
				OTHER_LDFLAGS = "$(inherited)";
				OTHER_SWIFT_FLAGS = "$(inherited)";
				SWIFT_FORCE_DYNAMIC_LINK_STDLIB = YES;
				SWIFT_FORCE_STATIC_LINK_STDLIB = NO;
				SWIFT_VERSION = 4.0;
				TARGET_NAME = drafter;
			};
			name = Debug;
		};
		OBJ_51 /* Release */ = {
			isa = XCBuildConfiguration;
			buildSettings = {
				FRAMEWORK_SEARCH_PATHS = (
					"$(inherited)",
					"$(PLATFORM_DIR)/Developer/Library/Frameworks",
				);
				HEADER_SEARCH_PATHS = "$(inherited)";
				INFOPLIST_FILE = drafter.xcodeproj/drafter_Info.plist;
				LD_RUNPATH_SEARCH_PATHS = "$(TOOLCHAIN_DIR)/usr/lib/swift/macosx @executable_path";
				OTHER_LDFLAGS = "$(inherited)";
				OTHER_SWIFT_FLAGS = "$(inherited)";
				SWIFT_FORCE_DYNAMIC_LINK_STDLIB = YES;
				SWIFT_FORCE_STATIC_LINK_STDLIB = NO;
				SWIFT_VERSION = 4.0;
				TARGET_NAME = drafter;
			};
			name = Release;
		};
/* End XCBuildConfiguration section */

/* Begin XCConfigurationList section */
		BB0EAAF61F8E411400C48449 /* Build configuration list for PBXNativeTarget "DrafterTests" */ = {
			isa = XCConfigurationList;
			buildConfigurations = (
				BB0EAAF71F8E411400C48449 /* Debug */,
				BB0EAAF81F8E411400C48449 /* Release */,
			);
			defaultConfigurationIsVisible = 0;
			defaultConfigurationName = Debug;
		};
		OBJ_2 /* Build configuration list for PBXProject "Drafter" */ = {
			isa = XCConfigurationList;
			buildConfigurations = (
				OBJ_3 /* Debug */,
				OBJ_4 /* Release */,
			);
			defaultConfigurationIsVisible = 0;
			defaultConfigurationName = Debug;
		};
		OBJ_43 /* Build configuration list for PBXNativeTarget "drafterPackageDescription" */ = {
			isa = XCConfigurationList;
			buildConfigurations = (
				OBJ_44 /* Debug */,
				OBJ_45 /* Release */,
			);
			defaultConfigurationIsVisible = 0;
			defaultConfigurationName = Debug;
		};
		OBJ_49 /* Build configuration list for PBXNativeTarget "drafter" */ = {
			isa = XCConfigurationList;
			buildConfigurations = (
				OBJ_50 /* Debug */,
				OBJ_51 /* Release */,
			);
			defaultConfigurationIsVisible = 0;
			defaultConfigurationName = Debug;
		};
/* End XCConfigurationList section */
	};
	rootObject = OBJ_1 /* Project object */;
}
