// !$*UTF8*$!
{
	archiveVersion = 1;
	classes = {
	};
	objectVersion = 46;
	objects = {

/* Begin PBXBuildFile section */
		BB09FD031F7B84560093E45C /* TestObjcMethodDefParser.swift in Sources */ = {isa = PBXBuildFile; fileRef = BB09FD021F7B84560093E45C /* TestObjcMethodDefParser.swift */; };
		BB21F0B81F7D15FD00F68C67 /* MethodInvokeNode.swift in Sources */ = {isa = PBXBuildFile; fileRef = BB21F0B71F7D15FD00F68C67 /* MethodInvokeNode.swift */; };
		BB21F0BA1F7D1CD700F68C67 /* TestMessageSend.swift in Sources */ = {isa = PBXBuildFile; fileRef = BB21F0B91F7D1CD700F68C67 /* TestMessageSend.swift */; };
		BB21F0BB1F7D1D8600F68C67 /* MethodInvokeNode.swift in Sources */ = {isa = PBXBuildFile; fileRef = BB21F0B71F7D15FD00F68C67 /* MethodInvokeNode.swift */; };
		BB2CA6D01F76192D0018F9AD /* main.swift in Sources */ = {isa = PBXBuildFile; fileRef = BB2CA6CF1F76192D0018F9AD /* main.swift */; };
		BB31997C1F7A4DA100EA5CE7 /* Lexer.swift in Sources */ = {isa = PBXBuildFile; fileRef = BB3199791F7A4DA100EA5CE7 /* Lexer.swift */; };
		BB31997D1F7A4DA100EA5CE7 /* Parser.swift in Sources */ = {isa = PBXBuildFile; fileRef = BB31997A1F7A4DA100EA5CE7 /* Parser.swift */; };
		BB31997E1F7A4DA100EA5CE7 /* Token.swift in Sources */ = {isa = PBXBuildFile; fileRef = BB31997B1F7A4DA100EA5CE7 /* Token.swift */; };
		BB31997F1F7A4DAD00EA5CE7 /* Lexer.swift in Sources */ = {isa = PBXBuildFile; fileRef = BB3199791F7A4DA100EA5CE7 /* Lexer.swift */; };
		BB3199801F7A4DAF00EA5CE7 /* Parser.swift in Sources */ = {isa = PBXBuildFile; fileRef = BB31997A1F7A4DA100EA5CE7 /* Parser.swift */; };
		BB3199811F7A4DB100EA5CE7 /* Token.swift in Sources */ = {isa = PBXBuildFile; fileRef = BB31997B1F7A4DA100EA5CE7 /* Token.swift */; };
		BB3199831F7A4DC100EA5CE7 /* ClassNode.swift in Sources */ = {isa = PBXBuildFile; fileRef = BB3199821F7A4DC100EA5CE7 /* ClassNode.swift */; };
		BB3199841F7A4DE400EA5CE7 /* ClassNode.swift in Sources */ = {isa = PBXBuildFile; fileRef = BB3199821F7A4DC100EA5CE7 /* ClassNode.swift */; };
		BB5BFD111F8626B800A5D325 /* SwiftInvokeParser.swift in Sources */ = {isa = PBXBuildFile; fileRef = BB6F4C4B1F85CDBA00512F1B /* SwiftInvokeParser.swift */; };
		BB6E6DF21F867BA600C0D638 /* TestSwiftInvokeParser.swift in Sources */ = {isa = PBXBuildFile; fileRef = BB6E6DF11F867BA600C0D638 /* TestSwiftInvokeParser.swift */; };
		BB6E6DF41F87C8BC00C0D638 /* Extension.swift in Sources */ = {isa = PBXBuildFile; fileRef = BB6E6DF31F87C8BC00C0D638 /* Extension.swift */; };
		BB6E6DF51F87C98D00C0D638 /* Extension.swift in Sources */ = {isa = PBXBuildFile; fileRef = BB6E6DF31F87C8BC00C0D638 /* Extension.swift */; };
		BB6F4C471F84D38E00512F1B /* SwiftMethodParser.swift in Sources */ = {isa = PBXBuildFile; fileRef = BB6F4C461F84D38E00512F1B /* SwiftMethodParser.swift */; };
		BB6F4C481F84D39200512F1B /* SwiftMethodParser.swift in Sources */ = {isa = PBXBuildFile; fileRef = BB6F4C461F84D38E00512F1B /* SwiftMethodParser.swift */; };
		BB6F4C4A1F84F82100512F1B /* TestSwiftMethodParser.swift in Sources */ = {isa = PBXBuildFile; fileRef = BB6F4C491F84F82100512F1B /* TestSwiftMethodParser.swift */; };
		BB6F4C4C1F85CDBA00512F1B /* SwiftInvokeParser.swift in Sources */ = {isa = PBXBuildFile; fileRef = BB6F4C4B1F85CDBA00512F1B /* SwiftInvokeParser.swift */; };
		BBA4C6611F792FB4009C780F /* TestInterfaceParser.swift in Sources */ = {isa = PBXBuildFile; fileRef = BBA4C6601F792FB4009C780F /* TestInterfaceParser.swift */; };
		BBA6EA7D1F79F317004C2EEC /* CommandLine.swift in Sources */ = {isa = PBXBuildFile; fileRef = BBA6EA7A1F79F317004C2EEC /* CommandLine.swift */; };
		BBA6EA7E1F79F317004C2EEC /* Option.swift in Sources */ = {isa = PBXBuildFile; fileRef = BBA6EA7B1F79F317004C2EEC /* Option.swift */; };
		BBA6EA7F1F79F317004C2EEC /* StringExtensions.swift in Sources */ = {isa = PBXBuildFile; fileRef = BBA6EA7C1F79F317004C2EEC /* StringExtensions.swift */; };
		BBA6EA811F79F626004C2EEC /* Drafter.swift in Sources */ = {isa = PBXBuildFile; fileRef = BBA6EA801F79F626004C2EEC /* Drafter.swift */; };
		BBA6EA871F7A00D8004C2EEC /* DotGenerator.swift in Sources */ = {isa = PBXBuildFile; fileRef = BBA6EA861F7A00D8004C2EEC /* DotGenerator.swift */; };
		BBAEFF821F83B35F004F4136 /* InterfaceParser.swift in Sources */ = {isa = PBXBuildFile; fileRef = BBAEFF7E1F83B35E004F4136 /* InterfaceParser.swift */; };
		BBAEFF831F83B35F004F4136 /* ObjcMessageSendParser.swift in Sources */ = {isa = PBXBuildFile; fileRef = BBAEFF7F1F83B35E004F4136 /* ObjcMessageSendParser.swift */; };
		BBAEFF841F83B35F004F4136 /* ObjcMethodParser.swift in Sources */ = {isa = PBXBuildFile; fileRef = BBAEFF801F83B35E004F4136 /* ObjcMethodParser.swift */; };
		BBAEFF851F83B362004F4136 /* InterfaceParser.swift in Sources */ = {isa = PBXBuildFile; fileRef = BBAEFF7E1F83B35E004F4136 /* InterfaceParser.swift */; };
		BBAEFF861F83B365004F4136 /* ObjcMessageSendParser.swift in Sources */ = {isa = PBXBuildFile; fileRef = BBAEFF7F1F83B35E004F4136 /* ObjcMessageSendParser.swift */; };
		BBAEFF871F83B366004F4136 /* ObjcMethodParser.swift in Sources */ = {isa = PBXBuildFile; fileRef = BBAEFF801F83B35E004F4136 /* ObjcMethodParser.swift */; };
		BBAEFF891F83BB0A004F4136 /* SwiftClassParser.swift in Sources */ = {isa = PBXBuildFile; fileRef = BBAEFF881F83BB0A004F4136 /* SwiftClassParser.swift */; };
		BBAEFF8A1F83BB11004F4136 /* SwiftClassParser.swift in Sources */ = {isa = PBXBuildFile; fileRef = BBAEFF881F83BB0A004F4136 /* SwiftClassParser.swift */; };
		BBAEFF8E1F848237004F4136 /* ProtocolNode.swift in Sources */ = {isa = PBXBuildFile; fileRef = BBAEFF8D1F848237004F4136 /* ProtocolNode.swift */; };
		BBAEFF901F84C95C004F4136 /* TestSwiftClassParser.swift in Sources */ = {isa = PBXBuildFile; fileRef = BBAEFF8F1F84C95C004F4136 /* TestSwiftClassParser.swift */; };
		BBAEFF921F84CAFF004F4136 /* ProtocolNode.swift in Sources */ = {isa = PBXBuildFile; fileRef = BBAEFF8D1F848237004F4136 /* ProtocolNode.swift */; };
		BBAEFF931F84CB14004F4136 /* Executor.swift in Sources */ = {isa = PBXBuildFile; fileRef = BBE0A33A1F8239620040F592 /* Executor.swift */; };
		BBAEFF951F84CCC3004F4136 /* SwiftProtocolParser.swift in Sources */ = {isa = PBXBuildFile; fileRef = BBAEFF941F84CCC3004F4136 /* SwiftProtocolParser.swift */; };
		BBAEFF991F84CE2E004F4136 /* TestSwiftProtocolParser.swift in Sources */ = {isa = PBXBuildFile; fileRef = BBAEFF981F84CE2E004F4136 /* TestSwiftProtocolParser.swift */; };
		BBAEFF9A1F84CE4D004F4136 /* SwiftProtocolParser.swift in Sources */ = {isa = PBXBuildFile; fileRef = BBAEFF941F84CCC3004F4136 /* SwiftProtocolParser.swift */; };
		BBCADD1E1F7B422500C4B722 /* MethodNode.swift in Sources */ = {isa = PBXBuildFile; fileRef = BBCADD1D1F7B422500C4B722 /* MethodNode.swift */; };
		BBCADD201F7B448A00C4B722 /* MethodNode.swift in Sources */ = {isa = PBXBuildFile; fileRef = BBCADD1D1F7B422500C4B722 /* MethodNode.swift */; };
		BBCADD221F7B449200C4B722 /* DotGenerator.swift in Sources */ = {isa = PBXBuildFile; fileRef = BBA6EA861F7A00D8004C2EEC /* DotGenerator.swift */; };
		BBE0A33B1F8239620040F592 /* Executor.swift in Sources */ = {isa = PBXBuildFile; fileRef = BBE0A33A1F8239620040F592 /* Executor.swift */; };
/* End PBXBuildFile section */

/* Begin PBXContainerItemProxy section */
		BBA4C6661F79302A009C780F /* PBXContainerItemProxy */ = {
			isa = PBXContainerItemProxy;
			containerPortal = BB2CA6C41F76192D0018F9AD /* Project object */;
			proxyType = 1;
			remoteGlobalIDString = BB2CA6CB1F76192D0018F9AD;
			remoteInfo = Mapper;
		};
/* End PBXContainerItemProxy section */

/* Begin PBXCopyFilesBuildPhase section */
		BB2CA6CA1F76192D0018F9AD /* CopyFiles */ = {
			isa = PBXCopyFilesBuildPhase;
			buildActionMask = 2147483647;
			dstPath = /usr/share/man/man1/;
			dstSubfolderSpec = 0;
			files = (
			);
			runOnlyForDeploymentPostprocessing = 1;
		};
/* End PBXCopyFilesBuildPhase section */

/* Begin PBXFileReference section */
		BB09FD021F7B84560093E45C /* TestObjcMethodDefParser.swift */ = {isa = PBXFileReference; lastKnownFileType = sourcecode.swift; path = TestObjcMethodDefParser.swift; sourceTree = "<group>"; };
		BB21F0B71F7D15FD00F68C67 /* MethodInvokeNode.swift */ = {isa = PBXFileReference; lastKnownFileType = sourcecode.swift; path = MethodInvokeNode.swift; sourceTree = "<group>"; };
		BB21F0B91F7D1CD700F68C67 /* TestMessageSend.swift */ = {isa = PBXFileReference; lastKnownFileType = sourcecode.swift; path = TestMessageSend.swift; sourceTree = "<group>"; };
		BB2CA6CC1F76192D0018F9AD /* drafter */ = {isa = PBXFileReference; explicitFileType = "compiled.mach-o.executable"; includeInIndex = 0; path = drafter; sourceTree = BUILT_PRODUCTS_DIR; };
		BB2CA6CF1F76192D0018F9AD /* main.swift */ = {isa = PBXFileReference; lastKnownFileType = sourcecode.swift; path = main.swift; sourceTree = "<group>"; };
		BB2CA6E81F765DB00018F9AD /* info.plist */ = {isa = PBXFileReference; fileEncoding = 4; lastKnownFileType = text.plist.xml; path = info.plist; sourceTree = "<group>"; };
		BB3199791F7A4DA100EA5CE7 /* Lexer.swift */ = {isa = PBXFileReference; fileEncoding = 4; lastKnownFileType = sourcecode.swift; path = Lexer.swift; sourceTree = "<group>"; };
		BB31997A1F7A4DA100EA5CE7 /* Parser.swift */ = {isa = PBXFileReference; fileEncoding = 4; lastKnownFileType = sourcecode.swift; path = Parser.swift; sourceTree = "<group>"; };
		BB31997B1F7A4DA100EA5CE7 /* Token.swift */ = {isa = PBXFileReference; fileEncoding = 4; lastKnownFileType = sourcecode.swift; path = Token.swift; sourceTree = "<group>"; };
		BB3199821F7A4DC100EA5CE7 /* ClassNode.swift */ = {isa = PBXFileReference; lastKnownFileType = sourcecode.swift; path = ClassNode.swift; sourceTree = "<group>"; };
		BB6E6DF11F867BA600C0D638 /* TestSwiftInvokeParser.swift */ = {isa = PBXFileReference; lastKnownFileType = sourcecode.swift; path = TestSwiftInvokeParser.swift; sourceTree = "<group>"; };
		BB6E6DF31F87C8BC00C0D638 /* Extension.swift */ = {isa = PBXFileReference; lastKnownFileType = sourcecode.swift; path = Extension.swift; sourceTree = "<group>"; };
		BB6F4C461F84D38E00512F1B /* SwiftMethodParser.swift */ = {isa = PBXFileReference; lastKnownFileType = sourcecode.swift; path = SwiftMethodParser.swift; sourceTree = "<group>"; };
		BB6F4C491F84F82100512F1B /* TestSwiftMethodParser.swift */ = {isa = PBXFileReference; lastKnownFileType = sourcecode.swift; path = TestSwiftMethodParser.swift; sourceTree = "<group>"; };
		BB6F4C4B1F85CDBA00512F1B /* SwiftInvokeParser.swift */ = {isa = PBXFileReference; lastKnownFileType = sourcecode.swift; path = SwiftInvokeParser.swift; sourceTree = "<group>"; };
		BBA4C65E1F792FB4009C780F /* Tests.xctest */ = {isa = PBXFileReference; explicitFileType = wrapper.cfbundle; includeInIndex = 0; path = Tests.xctest; sourceTree = BUILT_PRODUCTS_DIR; };
		BBA4C6601F792FB4009C780F /* TestInterfaceParser.swift */ = {isa = PBXFileReference; lastKnownFileType = sourcecode.swift; path = TestInterfaceParser.swift; sourceTree = "<group>"; };
		BBA4C6621F792FB4009C780F /* Info.plist */ = {isa = PBXFileReference; lastKnownFileType = text.plist.xml; path = Info.plist; sourceTree = "<group>"; };
		BBA6EA7A1F79F317004C2EEC /* CommandLine.swift */ = {isa = PBXFileReference; fileEncoding = 4; lastKnownFileType = sourcecode.swift; path = CommandLine.swift; sourceTree = "<group>"; };
		BBA6EA7B1F79F317004C2EEC /* Option.swift */ = {isa = PBXFileReference; fileEncoding = 4; lastKnownFileType = sourcecode.swift; path = Option.swift; sourceTree = "<group>"; };
		BBA6EA7C1F79F317004C2EEC /* StringExtensions.swift */ = {isa = PBXFileReference; fileEncoding = 4; lastKnownFileType = sourcecode.swift; path = StringExtensions.swift; sourceTree = "<group>"; };
		BBA6EA801F79F626004C2EEC /* Drafter.swift */ = {isa = PBXFileReference; lastKnownFileType = sourcecode.swift; path = Drafter.swift; sourceTree = "<group>"; };
		BBA6EA861F7A00D8004C2EEC /* DotGenerator.swift */ = {isa = PBXFileReference; lastKnownFileType = sourcecode.swift; path = DotGenerator.swift; sourceTree = "<group>"; };
		BBAEFF7E1F83B35E004F4136 /* InterfaceParser.swift */ = {isa = PBXFileReference; fileEncoding = 4; lastKnownFileType = sourcecode.swift; path = InterfaceParser.swift; sourceTree = "<group>"; };
		BBAEFF7F1F83B35E004F4136 /* ObjcMessageSendParser.swift */ = {isa = PBXFileReference; fileEncoding = 4; lastKnownFileType = sourcecode.swift; path = ObjcMessageSendParser.swift; sourceTree = "<group>"; };
		BBAEFF801F83B35E004F4136 /* ObjcMethodParser.swift */ = {isa = PBXFileReference; fileEncoding = 4; lastKnownFileType = sourcecode.swift; path = ObjcMethodParser.swift; sourceTree = "<group>"; };
		BBAEFF881F83BB0A004F4136 /* SwiftClassParser.swift */ = {isa = PBXFileReference; lastKnownFileType = sourcecode.swift; path = SwiftClassParser.swift; sourceTree = "<group>"; };
		BBAEFF8D1F848237004F4136 /* ProtocolNode.swift */ = {isa = PBXFileReference; lastKnownFileType = sourcecode.swift; path = ProtocolNode.swift; sourceTree = "<group>"; };
		BBAEFF8F1F84C95C004F4136 /* TestSwiftClassParser.swift */ = {isa = PBXFileReference; lastKnownFileType = sourcecode.swift; path = TestSwiftClassParser.swift; sourceTree = "<group>"; };
		BBAEFF941F84CCC3004F4136 /* SwiftProtocolParser.swift */ = {isa = PBXFileReference; lastKnownFileType = sourcecode.swift; path = SwiftProtocolParser.swift; sourceTree = "<group>"; };
		BBAEFF981F84CE2E004F4136 /* TestSwiftProtocolParser.swift */ = {isa = PBXFileReference; lastKnownFileType = sourcecode.swift; path = TestSwiftProtocolParser.swift; sourceTree = "<group>"; };
		BBCADD1D1F7B422500C4B722 /* MethodNode.swift */ = {isa = PBXFileReference; lastKnownFileType = sourcecode.swift; path = MethodNode.swift; sourceTree = "<group>"; };
		BBE0A33A1F8239620040F592 /* Executor.swift */ = {isa = PBXFileReference; lastKnownFileType = sourcecode.swift; path = Executor.swift; sourceTree = "<group>"; };
/* End PBXFileReference section */

/* Begin PBXFrameworksBuildPhase section */
		BB2CA6C91F76192D0018F9AD /* Frameworks */ = {
			isa = PBXFrameworksBuildPhase;
			buildActionMask = 2147483647;
			files = (
			);
			runOnlyForDeploymentPostprocessing = 0;
		};
		BBA4C65B1F792FB4009C780F /* Frameworks */ = {
			isa = PBXFrameworksBuildPhase;
			buildActionMask = 2147483647;
			files = (
			);
			runOnlyForDeploymentPostprocessing = 0;
		};
/* End PBXFrameworksBuildPhase section */

/* Begin PBXGroup section */
		BB2CA6C31F76192D0018F9AD = {
			isa = PBXGroup;
			children = (
				BB2CA6CE1F76192D0018F9AD /* Drafter */,
				BBA4C65F1F792FB4009C780F /* Tests */,
				BB2CA6CD1F76192D0018F9AD /* Products */,
			);
			sourceTree = "<group>";
		};
		BB2CA6CD1F76192D0018F9AD /* Products */ = {
			isa = PBXGroup;
			children = (
				BB2CA6CC1F76192D0018F9AD /* drafter */,
				BBA4C65E1F792FB4009C780F /* Tests.xctest */,
			);
			name = Products;
			sourceTree = "<group>";
		};
		BB2CA6CE1F76192D0018F9AD /* Drafter */ = {
			isa = PBXGroup;
			children = (
				BB2CA6CF1F76192D0018F9AD /* main.swift */,
				BBA6EA801F79F626004C2EEC /* Drafter.swift */,
				BB3199781F7A4DA100EA5CE7 /* Base */,
				BB3199771F7A4DA100EA5CE7 /* AST */,
				BBE29C1C1F76911F00355D13 /* Parser */,
				BBA6EA851F7A00C3004C2EEC /* Generator */,
				BBA6EA791F79F317004C2EEC /* CommandLineKit */,
				BB2CA6E81F765DB00018F9AD /* info.plist */,
			);
			path = Drafter;
			sourceTree = "<group>";
		};
		BB3199771F7A4DA100EA5CE7 /* AST */ = {
			isa = PBXGroup;
			children = (
				BB3199821F7A4DC100EA5CE7 /* ClassNode.swift */,
				BBCADD1D1F7B422500C4B722 /* MethodNode.swift */,
				BB21F0B71F7D15FD00F68C67 /* MethodInvokeNode.swift */,
				BBAEFF8D1F848237004F4136 /* ProtocolNode.swift */,
			);
			path = AST;
			sourceTree = "<group>";
		};
		BB3199781F7A4DA100EA5CE7 /* Base */ = {
			isa = PBXGroup;
			children = (
				BB31997B1F7A4DA100EA5CE7 /* Token.swift */,
				BB3199791F7A4DA100EA5CE7 /* Lexer.swift */,
				BB31997A1F7A4DA100EA5CE7 /* Parser.swift */,
				BB6E6DF31F87C8BC00C0D638 /* Extension.swift */,
			);
			path = Base;
			sourceTree = "<group>";
		};
		BBA4C65F1F792FB4009C780F /* Tests */ = {
			isa = PBXGroup;
			children = (
				BBA4C6601F792FB4009C780F /* TestInterfaceParser.swift */,
				BB09FD021F7B84560093E45C /* TestObjcMethodDefParser.swift */,
				BB21F0B91F7D1CD700F68C67 /* TestMessageSend.swift */,
				BBAEFF8F1F84C95C004F4136 /* TestSwiftClassParser.swift */,
				BBAEFF981F84CE2E004F4136 /* TestSwiftProtocolParser.swift */,
				BB6F4C491F84F82100512F1B /* TestSwiftMethodParser.swift */,
				BB6E6DF11F867BA600C0D638 /* TestSwiftInvokeParser.swift */,
				BBA4C6621F792FB4009C780F /* Info.plist */,
			);
			path = Tests;
			sourceTree = "<group>";
		};
		BBA6EA791F79F317004C2EEC /* CommandLineKit */ = {
			isa = PBXGroup;
			children = (
				BBA6EA7A1F79F317004C2EEC /* CommandLine.swift */,
				BBA6EA7B1F79F317004C2EEC /* Option.swift */,
				BBA6EA7C1F79F317004C2EEC /* StringExtensions.swift */,
			);
			path = CommandLineKit;
			sourceTree = "<group>";
		};
		BBA6EA851F7A00C3004C2EEC /* Generator */ = {
			isa = PBXGroup;
			children = (
				BBA6EA861F7A00D8004C2EEC /* DotGenerator.swift */,
				BBE0A33A1F8239620040F592 /* Executor.swift */,
			);
			path = Generator;
			sourceTree = "<group>";
		};
		BBAEFF7D1F83B35E004F4136 /* OC */ = {
			isa = PBXGroup;
			children = (
				BBAEFF7E1F83B35E004F4136 /* InterfaceParser.swift */,
				BBAEFF801F83B35E004F4136 /* ObjcMethodParser.swift */,
				BBAEFF7F1F83B35E004F4136 /* ObjcMessageSendParser.swift */,
			);
			path = OC;
			sourceTree = "<group>";
		};
		BBAEFF811F83B35F004F4136 /* Swift */ = {
			isa = PBXGroup;
			children = (
				BBAEFF941F84CCC3004F4136 /* SwiftProtocolParser.swift */,
				BBAEFF881F83BB0A004F4136 /* SwiftClassParser.swift */,
				BB6F4C461F84D38E00512F1B /* SwiftMethodParser.swift */,
				BB6F4C4B1F85CDBA00512F1B /* SwiftInvokeParser.swift */,
			);
			path = Swift;
			sourceTree = "<group>";
		};
		BBE29C1C1F76911F00355D13 /* Parser */ = {
			isa = PBXGroup;
			children = (
				BBAEFF7D1F83B35E004F4136 /* OC */,
				BBAEFF811F83B35F004F4136 /* Swift */,
			);
			path = Parser;
			sourceTree = "<group>";
		};
/* End PBXGroup section */

/* Begin PBXNativeTarget section */
		BB2CA6CB1F76192D0018F9AD /* Drafter */ = {
			isa = PBXNativeTarget;
			buildConfigurationList = BB2CA6D31F76192D0018F9AD /* Build configuration list for PBXNativeTarget "Drafter" */;
			buildPhases = (
				BB2CA6C81F76192D0018F9AD /* Sources */,
				BB2CA6C91F76192D0018F9AD /* Frameworks */,
				BB2CA6CA1F76192D0018F9AD /* CopyFiles */,
			);
			buildRules = (
			);
			dependencies = (
			);
			name = Drafter;
			productName = Mapper;
			productReference = BB2CA6CC1F76192D0018F9AD /* drafter */;
			productType = "com.apple.product-type.tool";
		};
		BBA4C65D1F792FB4009C780F /* Tests */ = {
			isa = PBXNativeTarget;
			buildConfigurationList = BBA4C6631F792FB4009C780F /* Build configuration list for PBXNativeTarget "Tests" */;
			buildPhases = (
				BBA4C65A1F792FB4009C780F /* Sources */,
				BBA4C65B1F792FB4009C780F /* Frameworks */,
				BBA4C65C1F792FB4009C780F /* Resources */,
			);
			buildRules = (
			);
			dependencies = (
				BBA4C6671F79302A009C780F /* PBXTargetDependency */,
			);
			name = Tests;
			productName = Tests;
			productReference = BBA4C65E1F792FB4009C780F /* Tests.xctest */;
			productType = "com.apple.product-type.bundle.unit-test";
		};
/* End PBXNativeTarget section */

/* Begin PBXProject section */
		BB2CA6C41F76192D0018F9AD /* Project object */ = {
			isa = PBXProject;
			attributes = {
				LastSwiftUpdateCheck = 0900;
				LastUpgradeCheck = 0900;
				ORGANIZATIONNAME = LZephyr;
				TargetAttributes = {
					BB2CA6CB1F76192D0018F9AD = {
						CreatedOnToolsVersion = 8.3.1;
						DevelopmentTeam = SE3EWJ5NW5;
						LastSwiftMigration = 0900;
						ProvisioningStyle = Automatic;
					};
					BBA4C65D1F792FB4009C780F = {
						CreatedOnToolsVersion = 9.0;
						DevelopmentTeam = D729JSY3NU;
						ProvisioningStyle = Automatic;
					};
				};
			};
			buildConfigurationList = BB2CA6C71F76192D0018F9AD /* Build configuration list for PBXProject "Drafter" */;
			compatibilityVersion = "Xcode 3.2";
			developmentRegion = English;
			hasScannedForEncodings = 0;
			knownRegions = (
				en,
			);
			mainGroup = BB2CA6C31F76192D0018F9AD;
			productRefGroup = BB2CA6CD1F76192D0018F9AD /* Products */;
			projectDirPath = "";
			projectRoot = "";
			targets = (
				BB2CA6CB1F76192D0018F9AD /* Drafter */,
				BBA4C65D1F792FB4009C780F /* Tests */,
			);
		};
/* End PBXProject section */

/* Begin PBXResourcesBuildPhase section */
		BBA4C65C1F792FB4009C780F /* Resources */ = {
			isa = PBXResourcesBuildPhase;
			buildActionMask = 2147483647;
			files = (
			);
			runOnlyForDeploymentPostprocessing = 0;
		};
/* End PBXResourcesBuildPhase section */

/* Begin PBXSourcesBuildPhase section */
		BB2CA6C81F76192D0018F9AD /* Sources */ = {
			isa = PBXSourcesBuildPhase;
			buildActionMask = 2147483647;
			files = (
				BBA6EA7E1F79F317004C2EEC /* Option.swift in Sources */,
				BB21F0B81F7D15FD00F68C67 /* MethodInvokeNode.swift in Sources */,
				BBAEFF8E1F848237004F4136 /* ProtocolNode.swift in Sources */,
				BB31997D1F7A4DA100EA5CE7 /* Parser.swift in Sources */,
				BBA6EA7F1F79F317004C2EEC /* StringExtensions.swift in Sources */,
				BBA6EA811F79F626004C2EEC /* Drafter.swift in Sources */,
				BBE0A33B1F8239620040F592 /* Executor.swift in Sources */,
				BBCADD1E1F7B422500C4B722 /* MethodNode.swift in Sources */,
				BBAEFF891F83BB0A004F4136 /* SwiftClassParser.swift in Sources */,
				BB6F4C471F84D38E00512F1B /* SwiftMethodParser.swift in Sources */,
				BBA6EA871F7A00D8004C2EEC /* DotGenerator.swift in Sources */,
				BB2CA6D01F76192D0018F9AD /* main.swift in Sources */,
				BB31997E1F7A4DA100EA5CE7 /* Token.swift in Sources */,
				BB3199831F7A4DC100EA5CE7 /* ClassNode.swift in Sources */,
				BB31997C1F7A4DA100EA5CE7 /* Lexer.swift in Sources */,
				BB6E6DF41F87C8BC00C0D638 /* Extension.swift in Sources */,
				BBAEFF831F83B35F004F4136 /* ObjcMessageSendParser.swift in Sources */,
				BBAEFF841F83B35F004F4136 /* ObjcMethodParser.swift in Sources */,
				BBAEFF951F84CCC3004F4136 /* SwiftProtocolParser.swift in Sources */,
				BBAEFF821F83B35F004F4136 /* InterfaceParser.swift in Sources */,
				BB6F4C4C1F85CDBA00512F1B /* SwiftInvokeParser.swift in Sources */,
				BBA6EA7D1F79F317004C2EEC /* CommandLine.swift in Sources */,
			);
			runOnlyForDeploymentPostprocessing = 0;
		};
		BBA4C65A1F792FB4009C780F /* Sources */ = {
			isa = PBXSourcesBuildPhase;
			buildActionMask = 2147483647;
			files = (
				BBAEFF861F83B365004F4136 /* ObjcMessageSendParser.swift in Sources */,
				BBAEFF871F83B366004F4136 /* ObjcMethodParser.swift in Sources */,
				BBAEFF901F84C95C004F4136 /* TestSwiftClassParser.swift in Sources */,
				BBA4C6611F792FB4009C780F /* TestInterfaceParser.swift in Sources */,
				BB3199841F7A4DE400EA5CE7 /* ClassNode.swift in Sources */,
				BBAEFF851F83B362004F4136 /* InterfaceParser.swift in Sources */,
				BB3199801F7A4DAF00EA5CE7 /* Parser.swift in Sources */,
				BB3199811F7A4DB100EA5CE7 /* Token.swift in Sources */,
				BB5BFD111F8626B800A5D325 /* SwiftInvokeParser.swift in Sources */,
				BBAEFF991F84CE2E004F4136 /* TestSwiftProtocolParser.swift in Sources */,
				BB6F4C4A1F84F82100512F1B /* TestSwiftMethodParser.swift in Sources */,
				BB6F4C481F84D39200512F1B /* SwiftMethodParser.swift in Sources */,
				BBCADD201F7B448A00C4B722 /* MethodNode.swift in Sources */,
				BBAEFF931F84CB14004F4136 /* Executor.swift in Sources */,
				BB09FD031F7B84560093E45C /* TestObjcMethodDefParser.swift in Sources */,
				BB31997F1F7A4DAD00EA5CE7 /* Lexer.swift in Sources */,
				BBCADD221F7B449200C4B722 /* DotGenerator.swift in Sources */,
				BB6E6DF21F867BA600C0D638 /* TestSwiftInvokeParser.swift in Sources */,
				BBAEFF921F84CAFF004F4136 /* ProtocolNode.swift in Sources */,
				BBAEFF9A1F84CE4D004F4136 /* SwiftProtocolParser.swift in Sources */,
				BB21F0BB1F7D1D8600F68C67 /* MethodInvokeNode.swift in Sources */,
				BB21F0BA1F7D1CD700F68C67 /* TestMessageSend.swift in Sources */,
				BBAEFF8A1F83BB11004F4136 /* SwiftClassParser.swift in Sources */,
				BB6E6DF51F87C98D00C0D638 /* Extension.swift in Sources */,
			);
			runOnlyForDeploymentPostprocessing = 0;
		};
/* End PBXSourcesBuildPhase section */

/* Begin PBXTargetDependency section */
		BBA4C6671F79302A009C780F /* PBXTargetDependency */ = {
			isa = PBXTargetDependency;
			target = BB2CA6CB1F76192D0018F9AD /* Drafter */;
			targetProxy = BBA4C6661F79302A009C780F /* PBXContainerItemProxy */;
		};
/* End PBXTargetDependency section */

/* Begin XCBuildConfiguration section */
		BB2CA6D11F76192D0018F9AD /* Debug */ = {
			isa = XCBuildConfiguration;
			buildSettings = {
				ALWAYS_SEARCH_USER_PATHS = NO;
				CLANG_ANALYZER_NONNULL = YES;
				CLANG_ANALYZER_NUMBER_OBJECT_CONVERSION = YES_AGGRESSIVE;
				CLANG_CXX_LANGUAGE_STANDARD = "gnu++0x";
				CLANG_CXX_LIBRARY = "libc++";
				CLANG_ENABLE_MODULES = YES;
				CLANG_ENABLE_OBJC_ARC = YES;
				CLANG_WARN_BLOCK_CAPTURE_AUTORELEASING = YES;
				CLANG_WARN_BOOL_CONVERSION = YES;
				CLANG_WARN_COMMA = YES;
				CLANG_WARN_CONSTANT_CONVERSION = YES;
				CLANG_WARN_DIRECT_OBJC_ISA_USAGE = YES_ERROR;
				CLANG_WARN_DOCUMENTATION_COMMENTS = YES;
				CLANG_WARN_EMPTY_BODY = YES;
				CLANG_WARN_ENUM_CONVERSION = YES;
				CLANG_WARN_INFINITE_RECURSION = YES;
				CLANG_WARN_INT_CONVERSION = YES;
				CLANG_WARN_NON_LITERAL_NULL_CONVERSION = YES;
				CLANG_WARN_OBJC_LITERAL_CONVERSION = YES;
				CLANG_WARN_OBJC_ROOT_CLASS = YES_ERROR;
				CLANG_WARN_RANGE_LOOP_ANALYSIS = YES;
				CLANG_WARN_STRICT_PROTOTYPES = YES;
				CLANG_WARN_SUSPICIOUS_MOVE = YES;
				CLANG_WARN_UNREACHABLE_CODE = YES;
				CLANG_WARN__DUPLICATE_METHOD_MATCH = YES;
				CODE_SIGN_IDENTITY = "-";
				COPY_PHASE_STRIP = NO;
				DEBUG_INFORMATION_FORMAT = dwarf;
				DEFINES_MODULE = YES;
				ENABLE_STRICT_OBJC_MSGSEND = YES;
				ENABLE_TESTABILITY = YES;
				GCC_C_LANGUAGE_STANDARD = gnu99;
				GCC_DYNAMIC_NO_PIC = NO;
				GCC_NO_COMMON_BLOCKS = YES;
				GCC_OPTIMIZATION_LEVEL = 0;
				GCC_PREPROCESSOR_DEFINITIONS = (
					"DEBUG=1",
					"$(inherited)",
				);
				GCC_WARN_64_TO_32_BIT_CONVERSION = YES;
				GCC_WARN_ABOUT_RETURN_TYPE = YES_ERROR;
				GCC_WARN_UNDECLARED_SELECTOR = YES;
				GCC_WARN_UNINITIALIZED_AUTOS = YES_AGGRESSIVE;
				GCC_WARN_UNUSED_FUNCTION = YES;
				GCC_WARN_UNUSED_VARIABLE = YES;
				MACOSX_DEPLOYMENT_TARGET = 10.12;
				MTL_ENABLE_DEBUG_INFO = YES;
				ONLY_ACTIVE_ARCH = YES;
				SDKROOT = macosx;
				SWIFT_OPTIMIZATION_LEVEL = "-Onone";
			};
			name = Debug;
		};
		BB2CA6D21F76192D0018F9AD /* Release */ = {
			isa = XCBuildConfiguration;
			buildSettings = {
				ALWAYS_SEARCH_USER_PATHS = NO;
				CLANG_ANALYZER_NONNULL = YES;
				CLANG_ANALYZER_NUMBER_OBJECT_CONVERSION = YES_AGGRESSIVE;
				CLANG_CXX_LANGUAGE_STANDARD = "gnu++0x";
				CLANG_CXX_LIBRARY = "libc++";
				CLANG_ENABLE_MODULES = YES;
				CLANG_ENABLE_OBJC_ARC = YES;
				CLANG_WARN_BLOCK_CAPTURE_AUTORELEASING = YES;
				CLANG_WARN_BOOL_CONVERSION = YES;
				CLANG_WARN_COMMA = YES;
				CLANG_WARN_CONSTANT_CONVERSION = YES;
				CLANG_WARN_DIRECT_OBJC_ISA_USAGE = YES_ERROR;
				CLANG_WARN_DOCUMENTATION_COMMENTS = YES;
				CLANG_WARN_EMPTY_BODY = YES;
				CLANG_WARN_ENUM_CONVERSION = YES;
				CLANG_WARN_INFINITE_RECURSION = YES;
				CLANG_WARN_INT_CONVERSION = YES;
				CLANG_WARN_NON_LITERAL_NULL_CONVERSION = YES;
				CLANG_WARN_OBJC_LITERAL_CONVERSION = YES;
				CLANG_WARN_OBJC_ROOT_CLASS = YES_ERROR;
				CLANG_WARN_RANGE_LOOP_ANALYSIS = YES;
				CLANG_WARN_STRICT_PROTOTYPES = YES;
				CLANG_WARN_SUSPICIOUS_MOVE = YES;
				CLANG_WARN_UNREACHABLE_CODE = YES;
				CLANG_WARN__DUPLICATE_METHOD_MATCH = YES;
				CODE_SIGN_IDENTITY = "-";
				COPY_PHASE_STRIP = NO;
				DEBUG_INFORMATION_FORMAT = "dwarf-with-dsym";
				DEFINES_MODULE = YES;
				ENABLE_NS_ASSERTIONS = NO;
				ENABLE_STRICT_OBJC_MSGSEND = YES;
				GCC_C_LANGUAGE_STANDARD = gnu99;
				GCC_NO_COMMON_BLOCKS = YES;
				GCC_WARN_64_TO_32_BIT_CONVERSION = YES;
				GCC_WARN_ABOUT_RETURN_TYPE = YES_ERROR;
				GCC_WARN_UNDECLARED_SELECTOR = YES;
				GCC_WARN_UNINITIALIZED_AUTOS = YES_AGGRESSIVE;
				GCC_WARN_UNUSED_FUNCTION = YES;
				GCC_WARN_UNUSED_VARIABLE = YES;
				MACOSX_DEPLOYMENT_TARGET = 10.12;
				MTL_ENABLE_DEBUG_INFO = NO;
				SDKROOT = macosx;
				SWIFT_OPTIMIZATION_LEVEL = "-Owholemodule";
			};
			name = Release;
		};
		BB2CA6D41F76192D0018F9AD /* Debug */ = {
			isa = XCBuildConfiguration;
			buildSettings = {
				CODE_SIGN_IDENTITY = "Mac Developer";
				DEFINES_MODULE = YES;
				DEVELOPMENT_TEAM = SE3EWJ5NW5;
				ENABLE_TESTABILITY = YES;
				INFOPLIST_FILE = "$(SRCROOT)/Mapper/info.plist";
				PRODUCT_BUNDLE_IDENTIFIER = lzephyr.mapper;
				PRODUCT_NAME = drafter;
				PROVISIONING_PROFILE_SPECIFIER = "";
				SWIFT_SWIFT3_OBJC_INFERENCE = Default;
				SWIFT_VERSION = 4.0;
			};
			name = Debug;
		};
		BB2CA6D51F76192D0018F9AD /* Release */ = {
			isa = XCBuildConfiguration;
			buildSettings = {
				CODE_SIGN_IDENTITY = "Mac Developer";
				DEFINES_MODULE = YES;
				DEVELOPMENT_TEAM = SE3EWJ5NW5;
				ENABLE_TESTABILITY = YES;
				INFOPLIST_FILE = "$(SRCROOT)/Mapper/info.plist";
				PRODUCT_BUNDLE_IDENTIFIER = lzephyr.mapper;
				PRODUCT_NAME = drafter;
				PROVISIONING_PROFILE_SPECIFIER = "";
				SWIFT_SWIFT3_OBJC_INFERENCE = Default;
				SWIFT_VERSION = 4.0;
			};
			name = Release;
		};
		BBA4C6641F792FB4009C780F /* Debug */ = {
			isa = XCBuildConfiguration;
			buildSettings = {
				CLANG_CXX_LANGUAGE_STANDARD = "gnu++14";
				CLANG_WARN_UNGUARDED_AVAILABILITY = YES_AGGRESSIVE;
				CODE_SIGN_IDENTITY = "Mac Developer";
				CODE_SIGN_STYLE = Automatic;
				COMBINE_HIDPI_IMAGES = YES;
				DEVELOPMENT_TEAM = D729JSY3NU;
				GCC_C_LANGUAGE_STANDARD = gnu11;
				INFOPLIST_FILE = Tests/Info.plist;
				LD_RUNPATH_SEARCH_PATHS = "$(inherited) @executable_path/../Frameworks @loader_path/../Frameworks";
				PRODUCT_BUNDLE_IDENTIFIER = LZephyr.Tests;
				PRODUCT_NAME = "$(TARGET_NAME)";
				SWIFT_ACTIVE_COMPILATION_CONDITIONS = DEBUG;
				SWIFT_VERSION = 4.0;
			};
			name = Debug;
		};
		BBA4C6651F792FB4009C780F /* Release */ = {
			isa = XCBuildConfiguration;
			buildSettings = {
				CLANG_CXX_LANGUAGE_STANDARD = "gnu++14";
				CLANG_WARN_UNGUARDED_AVAILABILITY = YES_AGGRESSIVE;
				CODE_SIGN_IDENTITY = "Mac Developer";
				CODE_SIGN_STYLE = Automatic;
				COMBINE_HIDPI_IMAGES = YES;
				DEVELOPMENT_TEAM = D729JSY3NU;
				GCC_C_LANGUAGE_STANDARD = gnu11;
				INFOPLIST_FILE = Tests/Info.plist;
				LD_RUNPATH_SEARCH_PATHS = "$(inherited) @executable_path/../Frameworks @loader_path/../Frameworks";
				PRODUCT_BUNDLE_IDENTIFIER = LZephyr.Tests;
				PRODUCT_NAME = "$(TARGET_NAME)";
				SWIFT_VERSION = 4.0;
			};
			name = Release;
		};
/* End XCBuildConfiguration section */

/* Begin XCConfigurationList section */
		BB2CA6C71F76192D0018F9AD /* Build configuration list for PBXProject "Drafter" */ = {
			isa = XCConfigurationList;
			buildConfigurations = (
				BB2CA6D11F76192D0018F9AD /* Debug */,
				BB2CA6D21F76192D0018F9AD /* Release */,
			);
			defaultConfigurationIsVisible = 0;
			defaultConfigurationName = Release;
		};
		BB2CA6D31F76192D0018F9AD /* Build configuration list for PBXNativeTarget "Drafter" */ = {
			isa = XCConfigurationList;
			buildConfigurations = (
				BB2CA6D41F76192D0018F9AD /* Debug */,
				BB2CA6D51F76192D0018F9AD /* Release */,
			);
			defaultConfigurationIsVisible = 0;
			defaultConfigurationName = Release;
		};
		BBA4C6631F792FB4009C780F /* Build configuration list for PBXNativeTarget "Tests" */ = {
			isa = XCConfigurationList;
			buildConfigurations = (
				BBA4C6641F792FB4009C780F /* Debug */,
				BBA4C6651F792FB4009C780F /* Release */,
			);
			defaultConfigurationIsVisible = 0;
			defaultConfigurationName = Release;
		};
/* End XCConfigurationList section */
	};
	rootObject = BB2CA6C41F76192D0018F9AD /* Project object */;
}
