PODS:
  - PathKit (1.0.0)
  - SwiftyParse/Core (0.1.1)

DEPENDENCIES:
  - PathKit (from `https://github.com/kylef/PathKit.git`)
  - SwiftyParse/Core (from `https://github.com/L-Zephyr/SwiftyParse.git`)

EXTERNAL SOURCES:
  PathKit:
    :git: https://github.com/kylef/PathKit.git
  SwiftyParse:
    :git: https://github.com/L-Zephyr/SwiftyParse.git

CHECKOUT OPTIONS:
  PathKit:
    :commit: 73f8e9dca9b7a3078cb79128217dc8f2e585a511
    :git: https://github.com/kylef/PathKit.git
  SwiftyParse:
    :commit: 73c60ebf942ffb1b621ef321febbd95c0db0b718
    :git: https://github.com/L-Zephyr/SwiftyParse.git

SPEC CHECKSUMS:
  PathKit: 364e0de7fb5adb142aecab4e112187e5548fc4b6
  SwiftyParse: fbf07833e3a588ae5ede16261951dcb5b3572783

PODFILE CHECKSUM: 5c248c3319bfd42a2578bb57845d1f85aff3ac8f

COCOAPODS: 1.5.3
